PODS:
  - HydraAsync (0.9.5)
  - PromiseKit (4.2.2):
    - PromiseKit/Foundation (= 4.2.2)
    - PromiseKit/QuartzCore (= 4.2.2)
    - PromiseKit/UIKit (= 4.2.2)
  - PromiseKit/CorePromise (4.2.2)
  - PromiseKit/Foundation (4.2.2):
    - PromiseKit/CorePromise
  - PromiseKit/QuartzCore (4.2.2):
    - PromiseKit/CorePromise
  - PromiseKit/UIKit (4.2.2):
    - PromiseKit/CorePromise

DEPENDENCIES:
  - HydraAsync (<= 0.9.5)
  - PromiseKit (~> 4.0)

SPEC CHECKSUMS:
  HydraAsync: 6283279a786e2ae6f09dd5f8eef919d80fb91359
  PromiseKit: 00e8886881f151c7e573d06b437915b0bb2970ec

PODFILE CHECKSUM: bec582d266d9b4f155346aaee7540928d9707fca

COCOAPODS: 1.2.1
