// !$*UTF8*$!
{
	archiveVersion = 1;
	classes = {
	};
	objectVersion = 46;
	objects = {

/* Begin PBXBuildFile section */
		2094078B81F3202B399DB41D /* Pods_BackgroundSensingTests.framework in Frameworks */ = {isa = PBXBuildFile; fileRef = 1E3D5EE72125647739C67B42 /* Pods_BackgroundSensingTests.framework */; };
		216B0BA41ED9CC7700E5B8DA /* QuestionViewController.swift in Sources */ = {isa = PBXBuildFile; fileRef = 216B0BA31ED9CC7700E5B8DA /* QuestionViewController.swift */; };
		216B0BA71ED9D09400E5B8DA /* QuestionCollectionViewCell.swift in Sources */ = {isa = PBXBuildFile; fileRef = 216B0BA61ED9D09400E5B8DA /* QuestionCollectionViewCell.swift */; };
		216B0BA91ED9D2C800E5B8DA /* QuestionViewModel.swift in Sources */ = {isa = PBXBuildFile; fileRef = 216B0BA81ED9D2C800E5B8DA /* QuestionViewModel.swift */; };
		216B0BB01ED9E54200E5B8DA /* Localizable.strings in Resources */ = {isa = PBXBuildFile; fileRef = 216B0BB21ED9E54200E5B8DA /* Localizable.strings */; };
		216B0BB51ED9E7D500E5B8DA /* StartViewController.swift in Sources */ = {isa = PBXBuildFile; fileRef = 216B0BB41ED9E7D500E5B8DA /* StartViewController.swift */; };
		5A0AD6601EA6A71B0053945B /* AppDelegate.swift in Sources */ = {isa = PBXBuildFile; fileRef = 5A0AD65F1EA6A71B0053945B /* AppDelegate.swift */; };
		5A0AD6651EA6A71B0053945B /* Main.storyboard in Resources */ = {isa = PBXBuildFile; fileRef = 5A0AD6631EA6A71B0053945B /* Main.storyboard */; };
		5A0AD6671EA6A71B0053945B /* Assets.xcassets in Resources */ = {isa = PBXBuildFile; fileRef = 5A0AD6661EA6A71B0053945B /* Assets.xcassets */; };
		5A0AD66A1EA6A71B0053945B /* LaunchScreen.storyboard in Resources */ = {isa = PBXBuildFile; fileRef = 5A0AD6681EA6A71B0053945B /* LaunchScreen.storyboard */; };
		5A0AD6751EA6A71C0053945B /* BackgroundSensingTests.swift in Sources */ = {isa = PBXBuildFile; fileRef = 5A0AD6741EA6A71C0053945B /* BackgroundSensingTests.swift */; };
		5A0AD6801EA6A71C0053945B /* BackgroundSensingUITests.swift in Sources */ = {isa = PBXBuildFile; fileRef = 5A0AD67F1EA6A71C0053945B /* BackgroundSensingUITests.swift */; };
		5A10002B1EB4B71800C088C5 /* JSONRepresentable.swift in Sources */ = {isa = PBXBuildFile; fileRef = 5A10002A1EB4B71800C088C5 /* JSONRepresentable.swift */; };
		5A10002D1EB4B77A00C088C5 /* JSONSerializable+JSONRepresentation.swift in Sources */ = {isa = PBXBuildFile; fileRef = 5A10002C1EB4B77A00C088C5 /* JSONSerializable+JSONRepresentation.swift */; };
		5A10002F1EB4B7BA00C088C5 /* JSONSerializable.swift in Sources */ = {isa = PBXBuildFile; fileRef = 5A10002E1EB4B7BA00C088C5 /* JSONSerializable.swift */; };
		5A1000311EB4B7DC00C088C5 /* JSONSerializable+toJSON.swift in Sources */ = {isa = PBXBuildFile; fileRef = 5A1000301EB4B7DC00C088C5 /* JSONSerializable+toJSON.swift */; };
		5A2D2EA51EEEB5D6001AE708 /* DataManager.swift in Sources */ = {isa = PBXBuildFile; fileRef = 5A2D2EA41EEEB5D6001AE708 /* DataManager.swift */; };
		5A2D2EA71EEEC03F001AE708 /* EndViewController.swift in Sources */ = {isa = PBXBuildFile; fileRef = 5A2D2EA61EEEC03F001AE708 /* EndViewController.swift */; };
		5A2D2EA91EEED2CA001AE708 /* SessionController.swift in Sources */ = {isa = PBXBuildFile; fileRef = 5A2D2EA81EEED2CA001AE708 /* SessionController.swift */; };
		5A2D2EAC1EEED638001AE708 /* Session+CoreDataClass.swift in Sources */ = {isa = PBXBuildFile; fileRef = 5A2D2EAA1EEED638001AE708 /* Session+CoreDataClass.swift */; };
		5A2D2EAD1EEED638001AE708 /* Session+CoreDataProperties.swift in Sources */ = {isa = PBXBuildFile; fileRef = 5A2D2EAB1EEED638001AE708 /* Session+CoreDataProperties.swift */; };
		5A3506251EE36664004E42E3 /* DataModel.xcdatamodeld in Sources */ = {isa = PBXBuildFile; fileRef = 5A3506231EE36664004E42E3 /* DataModel.xcdatamodeld */; };
		5A553BA11EE8287F0020777F /* AuthenticationService.swift in Sources */ = {isa = PBXBuildFile; fileRef = 5A553BA01EE8287F0020777F /* AuthenticationService.swift */; };
		5A6973671EEB49BE00E7C8C0 /* SessionViewController.swift in Sources */ = {isa = PBXBuildFile; fileRef = 5A6973661EEB49BE00E7C8C0 /* SessionViewController.swift */; };
		5A7F80E51ECDFB6500F0BB10 /* GridViewController.swift in Sources */ = {isa = PBXBuildFile; fileRef = 5A7F80E41ECDFB6500F0BB10 /* GridViewController.swift */; };
		5A92A6CC1EBB73330000A10F /* NetworkController.swift in Sources */ = {isa = PBXBuildFile; fileRef = 5A92A6CB1EBB73330000A10F /* NetworkController.swift */; };
		5A9D85111EE8B47D00FD6C01 /* Array+Extensions.swift in Sources */ = {isa = PBXBuildFile; fileRef = 5A9D85101EE8B47C00FD6C01 /* Array+Extensions.swift */; };
		5AB38F8E1EE5FD370004D734 /* LoginCredentials.swift in Sources */ = {isa = PBXBuildFile; fileRef = 5AB38F8D1EE5FD370004D734 /* LoginCredentials.swift */; };
		5AC755B71EE6DEE200FFA2B3 /* LoginViewController.swift in Sources */ = {isa = PBXBuildFile; fileRef = 5AC755B61EE6DEE200FFA2B3 /* LoginViewController.swift */; };
		5AF109841EE4AE9300EC8C33 /* SensorData+CoreDataClass.swift in Sources */ = {isa = PBXBuildFile; fileRef = 5AF109801EE4AE9300EC8C33 /* SensorData+CoreDataClass.swift */; };
		5AF109851EE4AE9300EC8C33 /* SensorData+CoreDataProperties.swift in Sources */ = {isa = PBXBuildFile; fileRef = 5AF109811EE4AE9300EC8C33 /* SensorData+CoreDataProperties.swift */; };
		5AF109871EE4C03E00EC8C33 /* MotionController.swift in Sources */ = {isa = PBXBuildFile; fileRef = 5AF109861EE4C03E00EC8C33 /* MotionController.swift */; };
		5AF1098C1EE54C4000EC8C33 /* TouchEvent+CoreDataClass.swift in Sources */ = {isa = PBXBuildFile; fileRef = 5AF1098A1EE54C4000EC8C33 /* TouchEvent+CoreDataClass.swift */; };
		5AF1098F1EE57C1100EC8C33 /* TouchEventController.swift in Sources */ = {isa = PBXBuildFile; fileRef = 5AF1098E1EE57C1100EC8C33 /* TouchEventController.swift */; };
		5AF109911EE59A6300EC8C33 /* TouchEvent+CoreDataProperties.swift in Sources */ = {isa = PBXBuildFile; fileRef = 5AF109901EE59A6300EC8C33 /* TouchEvent+CoreDataProperties.swift */; };
		BB66339787CB30BF79D3FAE4 /* Pods_BackgroundSensingUITests.framework in Frameworks */ = {isa = PBXBuildFile; fileRef = E59417727C24C13442E5A5F1 /* Pods_BackgroundSensingUITests.framework */; };
		C9C6012C3CEE3054D60ABDCE /* Pods_BackgroundSensing.framework in Frameworks */ = {isa = PBXBuildFile; fileRef = F5AFAB70179367CDE1EEBFBC /* Pods_BackgroundSensing.framework */; };
		D93E09EE1EFA937500E91E0D /* UIDevice+Extensions.swift in Sources */ = {isa = PBXBuildFile; fileRef = D93E09ED1EFA937500E91E0D /* UIDevice+Extensions.swift */; };
		D9484A341EFBE1CC00531199 /* UploadViewController.swift in Sources */ = {isa = PBXBuildFile; fileRef = D9484A331EFBE1CC00531199 /* UploadViewController.swift */; };
		D9484A361EFC004A00531199 /* ManualUploadViewController.swift in Sources */ = {isa = PBXBuildFile; fileRef = D9484A351EFC004A00531199 /* ManualUploadViewController.swift */; };
		D9484A381EFC006700531199 /* UploadController.swift in Sources */ = {isa = PBXBuildFile; fileRef = D9484A371EFC006700531199 /* UploadController.swift */; };
		D9BF7C351EF7EFB2009395E0 /* Date+Extensions.swift in Sources */ = {isa = PBXBuildFile; fileRef = D9BF7C341EF7EFB2009395E0 /* Date+Extensions.swift */; };
/* End PBXBuildFile section */

/* Begin PBXContainerItemProxy section */
		5A0AD6711EA6A71C0053945B /* PBXContainerItemProxy */ = {
			isa = PBXContainerItemProxy;
			containerPortal = 5A0AD6541EA6A71B0053945B /* Project object */;
			proxyType = 1;
			remoteGlobalIDString = 5A0AD65B1EA6A71B0053945B;
			remoteInfo = BackgroundSensing;
		};
		5A0AD67C1EA6A71C0053945B /* PBXContainerItemProxy */ = {
			isa = PBXContainerItemProxy;
			containerPortal = 5A0AD6541EA6A71B0053945B /* Project object */;
			proxyType = 1;
			remoteGlobalIDString = 5A0AD65B1EA6A71B0053945B;
			remoteInfo = BackgroundSensing;
		};
/* End PBXContainerItemProxy section */

/* Begin PBXFileReference section */
		1E3D5EE72125647739C67B42 /* Pods_BackgroundSensingTests.framework */ = {isa = PBXFileReference; explicitFileType = wrapper.framework; includeInIndex = 0; path = Pods_BackgroundSensingTests.framework; sourceTree = BUILT_PRODUCTS_DIR; };
		216B0BA31ED9CC7700E5B8DA /* QuestionViewController.swift */ = {isa = PBXFileReference; fileEncoding = 4; lastKnownFileType = sourcecode.swift; path = QuestionViewController.swift; sourceTree = "<group>"; };
		216B0BA61ED9D09400E5B8DA /* QuestionCollectionViewCell.swift */ = {isa = PBXFileReference; fileEncoding = 4; lastKnownFileType = sourcecode.swift; path = QuestionCollectionViewCell.swift; sourceTree = "<group>"; };
		216B0BA81ED9D2C800E5B8DA /* QuestionViewModel.swift */ = {isa = PBXFileReference; fileEncoding = 4; lastKnownFileType = sourcecode.swift; path = QuestionViewModel.swift; sourceTree = "<group>"; };
		216B0BB11ED9E54200E5B8DA /* Base */ = {isa = PBXFileReference; lastKnownFileType = text.plist.strings; name = Base; path = Base.lproj/Localizable.strings; sourceTree = "<group>"; };
		216B0BB41ED9E7D500E5B8DA /* StartViewController.swift */ = {isa = PBXFileReference; fileEncoding = 4; lastKnownFileType = sourcecode.swift; path = StartViewController.swift; sourceTree = "<group>"; };
		496ED773794685E4297A0D5C /* Pods-BackgroundSensingTests.release.xcconfig */ = {isa = PBXFileReference; includeInIndex = 1; lastKnownFileType = text.xcconfig; name = "Pods-BackgroundSensingTests.release.xcconfig"; path = "Pods/Target Support Files/Pods-BackgroundSensingTests/Pods-BackgroundSensingTests.release.xcconfig"; sourceTree = "<group>"; };
		5A0AD65C1EA6A71B0053945B /* BackgroundSensing.app */ = {isa = PBXFileReference; explicitFileType = wrapper.application; includeInIndex = 0; path = BackgroundSensing.app; sourceTree = BUILT_PRODUCTS_DIR; };
		5A0AD65F1EA6A71B0053945B /* AppDelegate.swift */ = {isa = PBXFileReference; lastKnownFileType = sourcecode.swift; path = AppDelegate.swift; sourceTree = "<group>"; };
		5A0AD6641EA6A71B0053945B /* Base */ = {isa = PBXFileReference; lastKnownFileType = file.storyboard; name = Base; path = Base.lproj/Main.storyboard; sourceTree = "<group>"; };
		5A0AD6661EA6A71B0053945B /* Assets.xcassets */ = {isa = PBXFileReference; lastKnownFileType = folder.assetcatalog; path = Assets.xcassets; sourceTree = "<group>"; };
		5A0AD6691EA6A71B0053945B /* Base */ = {isa = PBXFileReference; lastKnownFileType = file.storyboard; name = Base; path = Base.lproj/LaunchScreen.storyboard; sourceTree = "<group>"; };
		5A0AD66B1EA6A71B0053945B /* Info.plist */ = {isa = PBXFileReference; lastKnownFileType = text.plist.xml; path = Info.plist; sourceTree = "<group>"; };
		5A0AD6701EA6A71C0053945B /* BackgroundSensingTests.xctest */ = {isa = PBXFileReference; explicitFileType = wrapper.cfbundle; includeInIndex = 0; path = BackgroundSensingTests.xctest; sourceTree = BUILT_PRODUCTS_DIR; };
		5A0AD6741EA6A71C0053945B /* BackgroundSensingTests.swift */ = {isa = PBXFileReference; lastKnownFileType = sourcecode.swift; path = BackgroundSensingTests.swift; sourceTree = "<group>"; };
		5A0AD6761EA6A71C0053945B /* Info.plist */ = {isa = PBXFileReference; lastKnownFileType = text.plist.xml; path = Info.plist; sourceTree = "<group>"; };
		5A0AD67B1EA6A71C0053945B /* BackgroundSensingUITests.xctest */ = {isa = PBXFileReference; explicitFileType = wrapper.cfbundle; includeInIndex = 0; path = BackgroundSensingUITests.xctest; sourceTree = BUILT_PRODUCTS_DIR; };
		5A0AD67F1EA6A71C0053945B /* BackgroundSensingUITests.swift */ = {isa = PBXFileReference; lastKnownFileType = sourcecode.swift; path = BackgroundSensingUITests.swift; sourceTree = "<group>"; };
		5A0AD6811EA6A71C0053945B /* Info.plist */ = {isa = PBXFileReference; lastKnownFileType = text.plist.xml; path = Info.plist; sourceTree = "<group>"; };
		5A10002A1EB4B71800C088C5 /* JSONRepresentable.swift */ = {isa = PBXFileReference; fileEncoding = 4; lastKnownFileType = sourcecode.swift; name = JSONRepresentable.swift; path = Protocols/JSONRepresentable.swift; sourceTree = "<group>"; };
		5A10002C1EB4B77A00C088C5 /* JSONSerializable+JSONRepresentation.swift */ = {isa = PBXFileReference; fileEncoding = 4; lastKnownFileType = sourcecode.swift; name = "JSONSerializable+JSONRepresentation.swift"; path = "Protocols/JSONSerializable+JSONRepresentation.swift"; sourceTree = "<group>"; };
		5A10002E1EB4B7BA00C088C5 /* JSONSerializable.swift */ = {isa = PBXFileReference; fileEncoding = 4; lastKnownFileType = sourcecode.swift; name = JSONSerializable.swift; path = Protocols/JSONSerializable.swift; sourceTree = "<group>"; };
		5A1000301EB4B7DC00C088C5 /* JSONSerializable+toJSON.swift */ = {isa = PBXFileReference; fileEncoding = 4; lastKnownFileType = sourcecode.swift; name = "JSONSerializable+toJSON.swift"; path = "Protocols/JSONSerializable+toJSON.swift"; sourceTree = "<group>"; };
		5A2D2EA41EEEB5D6001AE708 /* DataManager.swift */ = {isa = PBXFileReference; fileEncoding = 4; lastKnownFileType = sourcecode.swift; path = DataManager.swift; sourceTree = "<group>"; };
		5A2D2EA61EEEC03F001AE708 /* EndViewController.swift */ = {isa = PBXFileReference; fileEncoding = 4; lastKnownFileType = sourcecode.swift; path = EndViewController.swift; sourceTree = "<group>"; };
		5A2D2EA81EEED2CA001AE708 /* SessionController.swift */ = {isa = PBXFileReference; fileEncoding = 4; lastKnownFileType = sourcecode.swift; path = SessionController.swift; sourceTree = "<group>"; };
		5A2D2EAA1EEED638001AE708 /* Session+CoreDataClass.swift */ = {isa = PBXFileReference; fileEncoding = 4; lastKnownFileType = sourcecode.swift; path = "Session+CoreDataClass.swift"; sourceTree = "<group>"; };
		5A2D2EAB1EEED638001AE708 /* Session+CoreDataProperties.swift */ = {isa = PBXFileReference; fileEncoding = 4; lastKnownFileType = sourcecode.swift; path = "Session+CoreDataProperties.swift"; sourceTree = "<group>"; };
		5A3506241EE36664004E42E3 /* DataModel.xcdatamodel */ = {isa = PBXFileReference; lastKnownFileType = wrapper.xcdatamodel; path = DataModel.xcdatamodel; sourceTree = "<group>"; };
		5A553BA01EE8287F0020777F /* AuthenticationService.swift */ = {isa = PBXFileReference; fileEncoding = 4; lastKnownFileType = sourcecode.swift; path = AuthenticationService.swift; sourceTree = "<group>"; };
		5A5B75C91EF2AF580092C2BA /* BackgroundSensing.entitlements */ = {isa = PBXFileReference; lastKnownFileType = text.plist.entitlements; path = BackgroundSensing.entitlements; sourceTree = "<group>"; };
		5A6973661EEB49BE00E7C8C0 /* SessionViewController.swift */ = {isa = PBXFileReference; fileEncoding = 4; lastKnownFileType = sourcecode.swift; path = SessionViewController.swift; sourceTree = "<group>"; };
		5A7F80E41ECDFB6500F0BB10 /* GridViewController.swift */ = {isa = PBXFileReference; fileEncoding = 4; lastKnownFileType = sourcecode.swift; path = GridViewController.swift; sourceTree = "<group>"; };
		5A92A6CB1EBB73330000A10F /* NetworkController.swift */ = {isa = PBXFileReference; fileEncoding = 4; lastKnownFileType = sourcecode.swift; path = NetworkController.swift; sourceTree = "<group>"; };
		5A9D85101EE8B47C00FD6C01 /* Array+Extensions.swift */ = {isa = PBXFileReference; fileEncoding = 4; lastKnownFileType = sourcecode.swift; path = "Array+Extensions.swift"; sourceTree = "<group>"; };
		5AB38F8D1EE5FD370004D734 /* LoginCredentials.swift */ = {isa = PBXFileReference; fileEncoding = 4; lastKnownFileType = sourcecode.swift; path = LoginCredentials.swift; sourceTree = "<group>"; };
		5AC755B61EE6DEE200FFA2B3 /* LoginViewController.swift */ = {isa = PBXFileReference; fileEncoding = 4; lastKnownFileType = sourcecode.swift; path = LoginViewController.swift; sourceTree = "<group>"; };
		5AF109801EE4AE9300EC8C33 /* SensorData+CoreDataClass.swift */ = {isa = PBXFileReference; fileEncoding = 4; lastKnownFileType = sourcecode.swift; path = "SensorData+CoreDataClass.swift"; sourceTree = "<group>"; };
		5AF109811EE4AE9300EC8C33 /* SensorData+CoreDataProperties.swift */ = {isa = PBXFileReference; fileEncoding = 4; lastKnownFileType = sourcecode.swift; path = "SensorData+CoreDataProperties.swift"; sourceTree = "<group>"; };
		5AF109861EE4C03E00EC8C33 /* MotionController.swift */ = {isa = PBXFileReference; fileEncoding = 4; lastKnownFileType = sourcecode.swift; path = MotionController.swift; sourceTree = "<group>"; };
		5AF1098A1EE54C4000EC8C33 /* TouchEvent+CoreDataClass.swift */ = {isa = PBXFileReference; fileEncoding = 4; lastKnownFileType = sourcecode.swift; path = "TouchEvent+CoreDataClass.swift"; sourceTree = "<group>"; };
		5AF1098E1EE57C1100EC8C33 /* TouchEventController.swift */ = {isa = PBXFileReference; fileEncoding = 4; lastKnownFileType = sourcecode.swift; path = TouchEventController.swift; sourceTree = "<group>"; };
		5AF109901EE59A6300EC8C33 /* TouchEvent+CoreDataProperties.swift */ = {isa = PBXFileReference; fileEncoding = 4; lastKnownFileType = sourcecode.swift; path = "TouchEvent+CoreDataProperties.swift"; sourceTree = "<group>"; };
		82D70180FB8F3EA823A0EF69 /* Pods-BackgroundSensing.release.xcconfig */ = {isa = PBXFileReference; includeInIndex = 1; lastKnownFileType = text.xcconfig; name = "Pods-BackgroundSensing.release.xcconfig"; path = "Pods/Target Support Files/Pods-BackgroundSensing/Pods-BackgroundSensing.release.xcconfig"; sourceTree = "<group>"; };
		8B1BAE6DA3F1DC27ADA7E733 /* Pods-BackgroundSensingTests.debug.xcconfig */ = {isa = PBXFileReference; includeInIndex = 1; lastKnownFileType = text.xcconfig; name = "Pods-BackgroundSensingTests.debug.xcconfig"; path = "Pods/Target Support Files/Pods-BackgroundSensingTests/Pods-BackgroundSensingTests.debug.xcconfig"; sourceTree = "<group>"; };
		A0F002C59E9F6ED8BB0D1959 /* Pods-BackgroundSensingUITests.release.xcconfig */ = {isa = PBXFileReference; includeInIndex = 1; lastKnownFileType = text.xcconfig; name = "Pods-BackgroundSensingUITests.release.xcconfig"; path = "Pods/Target Support Files/Pods-BackgroundSensingUITests/Pods-BackgroundSensingUITests.release.xcconfig"; sourceTree = "<group>"; };
		AA30146218964FBDEEC97568 /* Pods-BackgroundSensing.debug.xcconfig */ = {isa = PBXFileReference; includeInIndex = 1; lastKnownFileType = text.xcconfig; name = "Pods-BackgroundSensing.debug.xcconfig"; path = "Pods/Target Support Files/Pods-BackgroundSensing/Pods-BackgroundSensing.debug.xcconfig"; sourceTree = "<group>"; };
		C873E47DA5D2238C23455127 /* Pods-BackgroundSensingUITests.debug.xcconfig */ = {isa = PBXFileReference; includeInIndex = 1; lastKnownFileType = text.xcconfig; name = "Pods-BackgroundSensingUITests.debug.xcconfig"; path = "Pods/Target Support Files/Pods-BackgroundSensingUITests/Pods-BackgroundSensingUITests.debug.xcconfig"; sourceTree = "<group>"; };
		D93E09ED1EFA937500E91E0D /* UIDevice+Extensions.swift */ = {isa = PBXFileReference; fileEncoding = 4; lastKnownFileType = sourcecode.swift; path = "UIDevice+Extensions.swift"; sourceTree = "<group>"; };
		D9484A331EFBE1CC00531199 /* UploadViewController.swift */ = {isa = PBXFileReference; fileEncoding = 4; lastKnownFileType = sourcecode.swift; path = UploadViewController.swift; sourceTree = "<group>"; };
		D9484A351EFC004A00531199 /* ManualUploadViewController.swift */ = {isa = PBXFileReference; fileEncoding = 4; lastKnownFileType = sourcecode.swift; path = ManualUploadViewController.swift; sourceTree = "<group>"; };
		D9484A371EFC006700531199 /* UploadController.swift */ = {isa = PBXFileReference; fileEncoding = 4; lastKnownFileType = sourcecode.swift; path = UploadController.swift; sourceTree = "<group>"; };
		D9BF7C341EF7EFB2009395E0 /* Date+Extensions.swift */ = {isa = PBXFileReference; fileEncoding = 4; lastKnownFileType = sourcecode.swift; path = "Date+Extensions.swift"; sourceTree = "<group>"; };
		E59417727C24C13442E5A5F1 /* Pods_BackgroundSensingUITests.framework */ = {isa = PBXFileReference; explicitFileType = wrapper.framework; includeInIndex = 0; path = Pods_BackgroundSensingUITests.framework; sourceTree = BUILT_PRODUCTS_DIR; };
		F5AFAB70179367CDE1EEBFBC /* Pods_BackgroundSensing.framework */ = {isa = PBXFileReference; explicitFileType = wrapper.framework; includeInIndex = 0; path = Pods_BackgroundSensing.framework; sourceTree = BUILT_PRODUCTS_DIR; };
/* End PBXFileReference section */

/* Begin PBXFrameworksBuildPhase section */
		5A0AD6591EA6A71B0053945B /* Frameworks */ = {
			isa = PBXFrameworksBuildPhase;
			buildActionMask = 2147483647;
			files = (
				C9C6012C3CEE3054D60ABDCE /* Pods_BackgroundSensing.framework in Frameworks */,
			);
			runOnlyForDeploymentPostprocessing = 0;
		};
		5A0AD66D1EA6A71C0053945B /* Frameworks */ = {
			isa = PBXFrameworksBuildPhase;
			buildActionMask = 2147483647;
			files = (
				2094078B81F3202B399DB41D /* Pods_BackgroundSensingTests.framework in Frameworks */,
			);
			runOnlyForDeploymentPostprocessing = 0;
		};
		5A0AD6781EA6A71C0053945B /* Frameworks */ = {
			isa = PBXFrameworksBuildPhase;
			buildActionMask = 2147483647;
			files = (
				BB66339787CB30BF79D3FAE4 /* Pods_BackgroundSensingUITests.framework in Frameworks */,
			);
			runOnlyForDeploymentPostprocessing = 0;
		};
/* End PBXFrameworksBuildPhase section */

/* Begin PBXGroup section */
		2029FA11F3C728DA5BA2D034 /* Pods */ = {
			isa = PBXGroup;
			children = (
				AA30146218964FBDEEC97568 /* Pods-BackgroundSensing.debug.xcconfig */,
				82D70180FB8F3EA823A0EF69 /* Pods-BackgroundSensing.release.xcconfig */,
				8B1BAE6DA3F1DC27ADA7E733 /* Pods-BackgroundSensingTests.debug.xcconfig */,
				496ED773794685E4297A0D5C /* Pods-BackgroundSensingTests.release.xcconfig */,
				C873E47DA5D2238C23455127 /* Pods-BackgroundSensingUITests.debug.xcconfig */,
				A0F002C59E9F6ED8BB0D1959 /* Pods-BackgroundSensingUITests.release.xcconfig */,
			);
			name = Pods;
			sourceTree = "<group>";
		};
		216B0BA21ED9C83800E5B8DA /* View Controllers */ = {
			isa = PBXGroup;
			children = (
				D9484A331EFBE1CC00531199 /* UploadViewController.swift */,
				5A7F80E41ECDFB6500F0BB10 /* GridViewController.swift */,
				216B0BB41ED9E7D500E5B8DA /* StartViewController.swift */,
				216B0BA51ED9CEED00E5B8DA /* Question View Controller */,
				5AC755B61EE6DEE200FFA2B3 /* LoginViewController.swift */,
				5A6973661EEB49BE00E7C8C0 /* SessionViewController.swift */,
				5A2D2EA61EEEC03F001AE708 /* EndViewController.swift */,
				D9484A351EFC004A00531199 /* ManualUploadViewController.swift */,
			);
			name = "View Controllers";
			sourceTree = "<group>";
		};
		216B0BA51ED9CEED00E5B8DA /* Question View Controller */ = {
			isa = PBXGroup;
			children = (
				216B0BA31ED9CC7700E5B8DA /* QuestionViewController.swift */,
				216B0BA61ED9D09400E5B8DA /* QuestionCollectionViewCell.swift */,
				216B0BA81ED9D2C800E5B8DA /* QuestionViewModel.swift */,
			);
			name = "Question View Controller";
			sourceTree = "<group>";
		};
		216B0BAD1ED9E29C00E5B8DA /* Supporting Files */ = {
			isa = PBXGroup;
			children = (
				5A5B75C91EF2AF580092C2BA /* BackgroundSensing.entitlements */,
				5A0AD6631EA6A71B0053945B /* Main.storyboard */,
				5A0AD6661EA6A71B0053945B /* Assets.xcassets */,
				5A0AD6681EA6A71B0053945B /* LaunchScreen.storyboard */,
				5A0AD66B1EA6A71B0053945B /* Info.plist */,
				216B0BB21ED9E54200E5B8DA /* Localizable.strings */,
			);
			name = "Supporting Files";
			sourceTree = "<group>";
		};
		5A0AD6531EA6A71B0053945B = {
			isa = PBXGroup;
			children = (
				5A0AD65E1EA6A71B0053945B /* BackgroundSensing */,
				5A0AD6731EA6A71C0053945B /* BackgroundSensingTests */,
				5A0AD67E1EA6A71C0053945B /* BackgroundSensingUITests */,
				5A0AD65D1EA6A71B0053945B /* Products */,
				2029FA11F3C728DA5BA2D034 /* Pods */,
				7C5809DD68D63254F841A5B2 /* Frameworks */,
			);
			sourceTree = "<group>";
		};
		5A0AD65D1EA6A71B0053945B /* Products */ = {
			isa = PBXGroup;
			children = (
				5A0AD65C1EA6A71B0053945B /* BackgroundSensing.app */,
				5A0AD6701EA6A71C0053945B /* BackgroundSensingTests.xctest */,
				5A0AD67B1EA6A71C0053945B /* BackgroundSensingUITests.xctest */,
			);
			name = Products;
			sourceTree = "<group>";
		};
		5A0AD65E1EA6A71B0053945B /* BackgroundSensing */ = {
			isa = PBXGroup;
			children = (
				5A553BA21EE828850020777F /* Utils */,
				5A3506281EE4A946004E42E3 /* CoreData */,
				5A92A6C81EBB6A470000A10F /* Controllers */,
				5A1000251EB4A1BF00C088C5 /* Models */,
				216B0BA21ED9C83800E5B8DA /* View Controllers */,
				216B0BAD1ED9E29C00E5B8DA /* Supporting Files */,
				5A0AD65F1EA6A71B0053945B /* AppDelegate.swift */,
			);
			path = BackgroundSensing;
			sourceTree = "<group>";
		};
		5A0AD6731EA6A71C0053945B /* BackgroundSensingTests */ = {
			isa = PBXGroup;
			children = (
				5A0AD6741EA6A71C0053945B /* BackgroundSensingTests.swift */,
				5A0AD6761EA6A71C0053945B /* Info.plist */,
			);
			path = BackgroundSensingTests;
			sourceTree = "<group>";
		};
		5A0AD67E1EA6A71C0053945B /* BackgroundSensingUITests */ = {
			isa = PBXGroup;
			children = (
				5A0AD67F1EA6A71C0053945B /* BackgroundSensingUITests.swift */,
				5A0AD6811EA6A71C0053945B /* Info.plist */,
			);
			path = BackgroundSensingUITests;
			sourceTree = "<group>";
		};
		5A1000251EB4A1BF00C088C5 /* Models */ = {
			isa = PBXGroup;
			children = (
				5AB38F8D1EE5FD370004D734 /* LoginCredentials.swift */,
			);
			name = Models;
			sourceTree = "<group>";
		};
		5A1000291EB4B6FD00C088C5 /* Protocols */ = {
			isa = PBXGroup;
			children = (
				5A10002A1EB4B71800C088C5 /* JSONRepresentable.swift */,
				5A10002C1EB4B77A00C088C5 /* JSONSerializable+JSONRepresentation.swift */,
				5A10002E1EB4B7BA00C088C5 /* JSONSerializable.swift */,
				5A1000301EB4B7DC00C088C5 /* JSONSerializable+toJSON.swift */,
			);
			name = Protocols;
			sourceTree = "<group>";
		};
		5A3506281EE4A946004E42E3 /* CoreData */ = {
			isa = PBXGroup;
			children = (
				5A2D2EAA1EEED638001AE708 /* Session+CoreDataClass.swift */,
				5A2D2EAB1EEED638001AE708 /* Session+CoreDataProperties.swift */,
				5A2D2EA41EEEB5D6001AE708 /* DataManager.swift */,
				5AF1098A1EE54C4000EC8C33 /* TouchEvent+CoreDataClass.swift */,
				5AF109901EE59A6300EC8C33 /* TouchEvent+CoreDataProperties.swift */,
				5AF109801EE4AE9300EC8C33 /* SensorData+CoreDataClass.swift */,
				5AF109811EE4AE9300EC8C33 /* SensorData+CoreDataProperties.swift */,
				5A3506231EE36664004E42E3 /* DataModel.xcdatamodeld */,
			);
			name = CoreData;
			sourceTree = "<group>";
		};
		5A553BA21EE828850020777F /* Utils */ = {
			isa = PBXGroup;
			children = (
				5A1000291EB4B6FD00C088C5 /* Protocols */,
				5A9D85121EE8B48400FD6C01 /* Extensions */,
				5A553BA01EE8287F0020777F /* AuthenticationService.swift */,
			);
			name = Utils;
			sourceTree = "<group>";
		};
		5A92A6C81EBB6A470000A10F /* Controllers */ = {
			isa = PBXGroup;
			children = (
				5A92A6CB1EBB73330000A10F /* NetworkController.swift */,
				5AF109861EE4C03E00EC8C33 /* MotionController.swift */,
				5AF1098E1EE57C1100EC8C33 /* TouchEventController.swift */,
				5A2D2EA81EEED2CA001AE708 /* SessionController.swift */,
				D9484A371EFC006700531199 /* UploadController.swift */,
			);
			name = Controllers;
			sourceTree = "<group>";
		};
		5A9D85121EE8B48400FD6C01 /* Extensions */ = {
			isa = PBXGroup;
			children = (
				5A9D85101EE8B47C00FD6C01 /* Array+Extensions.swift */,
				D9BF7C341EF7EFB2009395E0 /* Date+Extensions.swift */,
				D93E09ED1EFA937500E91E0D /* UIDevice+Extensions.swift */,
			);
			name = Extensions;
			sourceTree = "<group>";
		};
		7C5809DD68D63254F841A5B2 /* Frameworks */ = {
			isa = PBXGroup;
			children = (
				F5AFAB70179367CDE1EEBFBC /* Pods_BackgroundSensing.framework */,
				1E3D5EE72125647739C67B42 /* Pods_BackgroundSensingTests.framework */,
				E59417727C24C13442E5A5F1 /* Pods_BackgroundSensingUITests.framework */,
			);
			name = Frameworks;
			sourceTree = "<group>";
		};
/* End PBXGroup section */

/* Begin PBXNativeTarget section */
		5A0AD65B1EA6A71B0053945B /* BackgroundSensing */ = {
			isa = PBXNativeTarget;
			buildConfigurationList = 5A0AD6841EA6A71C0053945B /* Build configuration list for PBXNativeTarget "BackgroundSensing" */;
			buildPhases = (
				D36AD74C0D7346184DD755CC /* [CP] Check Pods Manifest.lock */,
				5A0AD6581EA6A71B0053945B /* Sources */,
				5A0AD6591EA6A71B0053945B /* Frameworks */,
				5A0AD65A1EA6A71B0053945B /* Resources */,
				C82D9AEC16DA2A943673FABB /* [CP] Embed Pods Frameworks */,
				7A86CB8DB66BCE6E6F56831E /* [CP] Copy Pods Resources */,
			);
			buildRules = (
			);
			dependencies = (
			);
			name = BackgroundSensing;
			productName = BackgroundSensing;
			productReference = 5A0AD65C1EA6A71B0053945B /* BackgroundSensing.app */;
			productType = "com.apple.product-type.application";
		};
		5A0AD66F1EA6A71C0053945B /* BackgroundSensingTests */ = {
			isa = PBXNativeTarget;
			buildConfigurationList = 5A0AD6871EA6A71C0053945B /* Build configuration list for PBXNativeTarget "BackgroundSensingTests" */;
			buildPhases = (
				0ED68832DE181B6F1A22C3DE /* [CP] Check Pods Manifest.lock */,
				5A0AD66C1EA6A71C0053945B /* Sources */,
				5A0AD66D1EA6A71C0053945B /* Frameworks */,
				5A0AD66E1EA6A71C0053945B /* Resources */,
				37960E38A33010EA021AC037 /* [CP] Embed Pods Frameworks */,
				EB0779C8C217A27ABF3D506F /* [CP] Copy Pods Resources */,
			);
			buildRules = (
			);
			dependencies = (
				5A0AD6721EA6A71C0053945B /* PBXTargetDependency */,
			);
			name = BackgroundSensingTests;
			productName = BackgroundSensingTests;
			productReference = 5A0AD6701EA6A71C0053945B /* BackgroundSensingTests.xctest */;
			productType = "com.apple.product-type.bundle.unit-test";
		};
		5A0AD67A1EA6A71C0053945B /* BackgroundSensingUITests */ = {
			isa = PBXNativeTarget;
			buildConfigurationList = 5A0AD68A1EA6A71C0053945B /* Build configuration list for PBXNativeTarget "BackgroundSensingUITests" */;
			buildPhases = (
				30869A72B23DAAFC64CE2347 /* [CP] Check Pods Manifest.lock */,
				5A0AD6771EA6A71C0053945B /* Sources */,
				5A0AD6781EA6A71C0053945B /* Frameworks */,
				5A0AD6791EA6A71C0053945B /* Resources */,
				B56B02D91621DE6D90EB95E1 /* [CP] Embed Pods Frameworks */,
				2A7DE89BBA580D140E1628CF /* [CP] Copy Pods Resources */,
			);
			buildRules = (
			);
			dependencies = (
				5A0AD67D1EA6A71C0053945B /* PBXTargetDependency */,
			);
			name = BackgroundSensingUITests;
			productName = BackgroundSensingUITests;
			productReference = 5A0AD67B1EA6A71C0053945B /* BackgroundSensingUITests.xctest */;
			productType = "com.apple.product-type.bundle.ui-testing";
		};
/* End PBXNativeTarget section */

/* Begin PBXProject section */
		5A0AD6541EA6A71B0053945B /* Project object */ = {
			isa = PBXProject;
			attributes = {
				LastSwiftUpdateCheck = 0820;
				LastUpgradeCheck = 0820;
				ORGANIZATIONNAME = "Emanuel Schmitt";
				TargetAttributes = {
					5A0AD65B1EA6A71B0053945B = {
						CreatedOnToolsVersion = 8.2.1;
						DevelopmentTeam = TCNFFABBAW;
						ProvisioningStyle = Automatic;
						SystemCapabilities = {
							com.apple.BackgroundModes = {
								enabled = 0;
							};
							com.apple.Push = {
								enabled = 1;
							};
						};
					};
					5A0AD66F1EA6A71C0053945B = {
						CreatedOnToolsVersion = 8.2.1;
						ProvisioningStyle = Automatic;
						TestTargetID = 5A0AD65B1EA6A71B0053945B;
					};
					5A0AD67A1EA6A71C0053945B = {
						CreatedOnToolsVersion = 8.2.1;
						ProvisioningStyle = Automatic;
						TestTargetID = 5A0AD65B1EA6A71B0053945B;
					};
				};
			};
			buildConfigurationList = 5A0AD6571EA6A71B0053945B /* Build configuration list for PBXProject "BackgroundSensing" */;
			compatibilityVersion = "Xcode 3.2";
			developmentRegion = English;
			hasScannedForEncodings = 0;
			knownRegions = (
				en,
				Base,
			);
			mainGroup = 5A0AD6531EA6A71B0053945B;
			productRefGroup = 5A0AD65D1EA6A71B0053945B /* Products */;
			projectDirPath = "";
			projectRoot = "";
			targets = (
				5A0AD65B1EA6A71B0053945B /* BackgroundSensing */,
				5A0AD66F1EA6A71C0053945B /* BackgroundSensingTests */,
				5A0AD67A1EA6A71C0053945B /* BackgroundSensingUITests */,
			);
		};
/* End PBXProject section */

/* Begin PBXResourcesBuildPhase section */
		5A0AD65A1EA6A71B0053945B /* Resources */ = {
			isa = PBXResourcesBuildPhase;
			buildActionMask = 2147483647;
			files = (
				216B0BB01ED9E54200E5B8DA /* Localizable.strings in Resources */,
				5A0AD66A1EA6A71B0053945B /* LaunchScreen.storyboard in Resources */,
				5A0AD6671EA6A71B0053945B /* Assets.xcassets in Resources */,
				5A0AD6651EA6A71B0053945B /* Main.storyboard in Resources */,
			);
			runOnlyForDeploymentPostprocessing = 0;
		};
		5A0AD66E1EA6A71C0053945B /* Resources */ = {
			isa = PBXResourcesBuildPhase;
			buildActionMask = 2147483647;
			files = (
			);
			runOnlyForDeploymentPostprocessing = 0;
		};
		5A0AD6791EA6A71C0053945B /* Resources */ = {
			isa = PBXResourcesBuildPhase;
			buildActionMask = 2147483647;
			files = (
			);
			runOnlyForDeploymentPostprocessing = 0;
		};
/* End PBXResourcesBuildPhase section */

/* Begin PBXShellScriptBuildPhase section */
		0ED68832DE181B6F1A22C3DE /* [CP] Check Pods Manifest.lock */ = {
			isa = PBXShellScriptBuildPhase;
			buildActionMask = 2147483647;
			files = (
			);
			inputPaths = (
			);
			name = "[CP] Check Pods Manifest.lock";
			outputPaths = (
			);
			runOnlyForDeploymentPostprocessing = 0;
			shellPath = /bin/sh;
			shellScript = "diff \"${PODS_PODFILE_DIR_PATH}/Podfile.lock\" \"${PODS_ROOT}/Manifest.lock\" > /dev/null\nif [ $? != 0 ] ; then\n    # print error to STDERR\n    echo \"error: The sandbox is not in sync with the Podfile.lock. Run 'pod install' or update your CocoaPods installation.\" >&2\n    exit 1\nfi\n";
			showEnvVarsInLog = 0;
		};
		2A7DE89BBA580D140E1628CF /* [CP] Copy Pods Resources */ = {
			isa = PBXShellScriptBuildPhase;
			buildActionMask = 2147483647;
			files = (
			);
			inputPaths = (
			);
			name = "[CP] Copy Pods Resources";
			outputPaths = (
			);
			runOnlyForDeploymentPostprocessing = 0;
			shellPath = /bin/sh;
			shellScript = "\"${SRCROOT}/Pods/Target Support Files/Pods-BackgroundSensingUITests/Pods-BackgroundSensingUITests-resources.sh\"\n";
			showEnvVarsInLog = 0;
		};
		30869A72B23DAAFC64CE2347 /* [CP] Check Pods Manifest.lock */ = {
			isa = PBXShellScriptBuildPhase;
			buildActionMask = 2147483647;
			files = (
			);
			inputPaths = (
			);
			name = "[CP] Check Pods Manifest.lock";
			outputPaths = (
			);
			runOnlyForDeploymentPostprocessing = 0;
			shellPath = /bin/sh;
			shellScript = "diff \"${PODS_PODFILE_DIR_PATH}/Podfile.lock\" \"${PODS_ROOT}/Manifest.lock\" > /dev/null\nif [ $? != 0 ] ; then\n    # print error to STDERR\n    echo \"error: The sandbox is not in sync with the Podfile.lock. Run 'pod install' or update your CocoaPods installation.\" >&2\n    exit 1\nfi\n";
			showEnvVarsInLog = 0;
		};
		37960E38A33010EA021AC037 /* [CP] Embed Pods Frameworks */ = {
			isa = PBXShellScriptBuildPhase;
			buildActionMask = 2147483647;
			files = (
			);
			inputPaths = (
			);
			name = "[CP] Embed Pods Frameworks";
			outputPaths = (
			);
			runOnlyForDeploymentPostprocessing = 0;
			shellPath = /bin/sh;
			shellScript = "\"${SRCROOT}/Pods/Target Support Files/Pods-BackgroundSensingTests/Pods-BackgroundSensingTests-frameworks.sh\"\n";
			showEnvVarsInLog = 0;
		};
		7A86CB8DB66BCE6E6F56831E /* [CP] Copy Pods Resources */ = {
			isa = PBXShellScriptBuildPhase;
			buildActionMask = 2147483647;
			files = (
			);
			inputPaths = (
			);
			name = "[CP] Copy Pods Resources";
			outputPaths = (
			);
			runOnlyForDeploymentPostprocessing = 0;
			shellPath = /bin/sh;
			shellScript = "\"${SRCROOT}/Pods/Target Support Files/Pods-BackgroundSensing/Pods-BackgroundSensing-resources.sh\"\n";
			showEnvVarsInLog = 0;
		};
		B56B02D91621DE6D90EB95E1 /* [CP] Embed Pods Frameworks */ = {
			isa = PBXShellScriptBuildPhase;
			buildActionMask = 2147483647;
			files = (
			);
			inputPaths = (
			);
			name = "[CP] Embed Pods Frameworks";
			outputPaths = (
			);
			runOnlyForDeploymentPostprocessing = 0;
			shellPath = /bin/sh;
			shellScript = "\"${SRCROOT}/Pods/Target Support Files/Pods-BackgroundSensingUITests/Pods-BackgroundSensingUITests-frameworks.sh\"\n";
			showEnvVarsInLog = 0;
		};
		C82D9AEC16DA2A943673FABB /* [CP] Embed Pods Frameworks */ = {
			isa = PBXShellScriptBuildPhase;
			buildActionMask = 2147483647;
			files = (
			);
			inputPaths = (
			);
			name = "[CP] Embed Pods Frameworks";
			outputPaths = (
			);
			runOnlyForDeploymentPostprocessing = 0;
			shellPath = /bin/sh;
			shellScript = "\"${SRCROOT}/Pods/Target Support Files/Pods-BackgroundSensing/Pods-BackgroundSensing-frameworks.sh\"\n";
			showEnvVarsInLog = 0;
		};
		D36AD74C0D7346184DD755CC /* [CP] Check Pods Manifest.lock */ = {
			isa = PBXShellScriptBuildPhase;
			buildActionMask = 2147483647;
			files = (
			);
			inputPaths = (
			);
			name = "[CP] Check Pods Manifest.lock";
			outputPaths = (
			);
			runOnlyForDeploymentPostprocessing = 0;
			shellPath = /bin/sh;
			shellScript = "diff \"${PODS_PODFILE_DIR_PATH}/Podfile.lock\" \"${PODS_ROOT}/Manifest.lock\" > /dev/null\nif [ $? != 0 ] ; then\n    # print error to STDERR\n    echo \"error: The sandbox is not in sync with the Podfile.lock. Run 'pod install' or update your CocoaPods installation.\" >&2\n    exit 1\nfi\n";
			showEnvVarsInLog = 0;
		};
		EB0779C8C217A27ABF3D506F /* [CP] Copy Pods Resources */ = {
			isa = PBXShellScriptBuildPhase;
			buildActionMask = 2147483647;
			files = (
			);
			inputPaths = (
			);
			name = "[CP] Copy Pods Resources";
			outputPaths = (
			);
			runOnlyForDeploymentPostprocessing = 0;
			shellPath = /bin/sh;
			shellScript = "\"${SRCROOT}/Pods/Target Support Files/Pods-BackgroundSensingTests/Pods-BackgroundSensingTests-resources.sh\"\n";
			showEnvVarsInLog = 0;
		};
/* End PBXShellScriptBuildPhase section */

/* Begin PBXSourcesBuildPhase section */
		5A0AD6581EA6A71B0053945B /* Sources */ = {
			isa = PBXSourcesBuildPhase;
			buildActionMask = 2147483647;
			files = (
				5AB38F8E1EE5FD370004D734 /* LoginCredentials.swift in Sources */,
				5AF1098F1EE57C1100EC8C33 /* TouchEventController.swift in Sources */,
				5A10002B1EB4B71800C088C5 /* JSONRepresentable.swift in Sources */,
				5A3506251EE36664004E42E3 /* DataModel.xcdatamodeld in Sources */,
				5A10002F1EB4B7BA00C088C5 /* JSONSerializable.swift in Sources */,
				216B0BA71ED9D09400E5B8DA /* QuestionCollectionViewCell.swift in Sources */,
				5A2D2EA91EEED2CA001AE708 /* SessionController.swift in Sources */,
				5A2D2EAC1EEED638001AE708 /* Session+CoreDataClass.swift in Sources */,
				D9BF7C351EF7EFB2009395E0 /* Date+Extensions.swift in Sources */,
				5A553BA11EE8287F0020777F /* AuthenticationService.swift in Sources */,
				5A10002D1EB4B77A00C088C5 /* JSONSerializable+JSONRepresentation.swift in Sources */,
				216B0BA91ED9D2C800E5B8DA /* QuestionViewModel.swift in Sources */,
				5A6973671EEB49BE00E7C8C0 /* SessionViewController.swift in Sources */,
				5A7F80E51ECDFB6500F0BB10 /* GridViewController.swift in Sources */,
				D9484A361EFC004A00531199 /* ManualUploadViewController.swift in Sources */,
				5A92A6CC1EBB73330000A10F /* NetworkController.swift in Sources */,
				5A2D2EAD1EEED638001AE708 /* Session+CoreDataProperties.swift in Sources */,
				5AC755B71EE6DEE200FFA2B3 /* LoginViewController.swift in Sources */,
				5A1000311EB4B7DC00C088C5 /* JSONSerializable+toJSON.swift in Sources */,
				5AF109851EE4AE9300EC8C33 /* SensorData+CoreDataProperties.swift in Sources */,
				5AF1098C1EE54C4000EC8C33 /* TouchEvent+CoreDataClass.swift in Sources */,
				5A9D85111EE8B47D00FD6C01 /* Array+Extensions.swift in Sources */,
				216B0BB51ED9E7D500E5B8DA /* StartViewController.swift in Sources */,
				5AF109911EE59A6300EC8C33 /* TouchEvent+CoreDataProperties.swift in Sources */,
				216B0BA41ED9CC7700E5B8DA /* QuestionViewController.swift in Sources */,
				5AF109871EE4C03E00EC8C33 /* MotionController.swift in Sources */,
				5A2D2EA71EEEC03F001AE708 /* EndViewController.swift in Sources */,
				5A0AD6601EA6A71B0053945B /* AppDelegate.swift in Sources */,
				D93E09EE1EFA937500E91E0D /* UIDevice+Extensions.swift in Sources */,
				D9484A381EFC006700531199 /* UploadController.swift in Sources */,
				5A2D2EA51EEEB5D6001AE708 /* DataManager.swift in Sources */,
				5AF109841EE4AE9300EC8C33 /* SensorData+CoreDataClass.swift in Sources */,
				D9484A341EFBE1CC00531199 /* UploadViewController.swift in Sources */,
			);
			runOnlyForDeploymentPostprocessing = 0;
		};
		5A0AD66C1EA6A71C0053945B /* Sources */ = {
			isa = PBXSourcesBuildPhase;
			buildActionMask = 2147483647;
			files = (
				5A0AD6751EA6A71C0053945B /* BackgroundSensingTests.swift in Sources */,
			);
			runOnlyForDeploymentPostprocessing = 0;
		};
		5A0AD6771EA6A71C0053945B /* Sources */ = {
			isa = PBXSourcesBuildPhase;
			buildActionMask = 2147483647;
			files = (
				5A0AD6801EA6A71C0053945B /* BackgroundSensingUITests.swift in Sources */,
			);
			runOnlyForDeploymentPostprocessing = 0;
		};
/* End PBXSourcesBuildPhase section */

/* Begin PBXTargetDependency section */
		5A0AD6721EA6A71C0053945B /* PBXTargetDependency */ = {
			isa = PBXTargetDependency;
			target = 5A0AD65B1EA6A71B0053945B /* BackgroundSensing */;
			targetProxy = 5A0AD6711EA6A71C0053945B /* PBXContainerItemProxy */;
		};
		5A0AD67D1EA6A71C0053945B /* PBXTargetDependency */ = {
			isa = PBXTargetDependency;
			target = 5A0AD65B1EA6A71B0053945B /* BackgroundSensing */;
			targetProxy = 5A0AD67C1EA6A71C0053945B /* PBXContainerItemProxy */;
		};
/* End PBXTargetDependency section */

/* Begin PBXVariantGroup section */
		216B0BB21ED9E54200E5B8DA /* Localizable.strings */ = {
			isa = PBXVariantGroup;
			children = (
				216B0BB11ED9E54200E5B8DA /* Base */,
			);
			name = Localizable.strings;
			sourceTree = "<group>";
		};
		5A0AD6631EA6A71B0053945B /* Main.storyboard */ = {
			isa = PBXVariantGroup;
			children = (
				5A0AD6641EA6A71B0053945B /* Base */,
			);
			name = Main.storyboard;
			sourceTree = "<group>";
		};
		5A0AD6681EA6A71B0053945B /* LaunchScreen.storyboard */ = {
			isa = PBXVariantGroup;
			children = (
				5A0AD6691EA6A71B0053945B /* Base */,
			);
			name = LaunchScreen.storyboard;
			sourceTree = "<group>";
		};
/* End PBXVariantGroup section */

/* Begin XCBuildConfiguration section */
		5A0AD6821EA6A71C0053945B /* Debug */ = {
			isa = XCBuildConfiguration;
			buildSettings = {
				ALWAYS_SEARCH_USER_PATHS = NO;
				CLANG_ANALYZER_NONNULL = YES;
				CLANG_CXX_LANGUAGE_STANDARD = "gnu++0x";
				CLANG_CXX_LIBRARY = "libc++";
				CLANG_ENABLE_MODULES = YES;
				CLANG_ENABLE_OBJC_ARC = YES;
				CLANG_WARN_BOOL_CONVERSION = YES;
				CLANG_WARN_CONSTANT_CONVERSION = YES;
				CLANG_WARN_DIRECT_OBJC_ISA_USAGE = YES_ERROR;
				CLANG_WARN_DOCUMENTATION_COMMENTS = YES;
				CLANG_WARN_EMPTY_BODY = YES;
				CLANG_WARN_ENUM_CONVERSION = YES;
				CLANG_WARN_INFINITE_RECURSION = YES;
				CLANG_WARN_INT_CONVERSION = YES;
				CLANG_WARN_OBJC_ROOT_CLASS = YES_ERROR;
				CLANG_WARN_SUSPICIOUS_MOVE = YES;
				CLANG_WARN_UNREACHABLE_CODE = YES;
				CLANG_WARN__DUPLICATE_METHOD_MATCH = YES;
				"CODE_SIGN_IDENTITY[sdk=iphoneos*]" = "iPhone Developer";
				COPY_PHASE_STRIP = NO;
				DEBUG_INFORMATION_FORMAT = dwarf;
				ENABLE_STRICT_OBJC_MSGSEND = YES;
				ENABLE_TESTABILITY = YES;
				GCC_C_LANGUAGE_STANDARD = gnu99;
				GCC_DYNAMIC_NO_PIC = NO;
				GCC_NO_COMMON_BLOCKS = YES;
				GCC_OPTIMIZATION_LEVEL = 0;
				GCC_PREPROCESSOR_DEFINITIONS = (
					"DEBUG=1",
					"$(inherited)",
				);
				GCC_WARN_64_TO_32_BIT_CONVERSION = YES;
				GCC_WARN_ABOUT_RETURN_TYPE = YES_ERROR;
				GCC_WARN_UNDECLARED_SELECTOR = YES;
				GCC_WARN_UNINITIALIZED_AUTOS = YES_AGGRESSIVE;
				GCC_WARN_UNUSED_FUNCTION = YES;
				GCC_WARN_UNUSED_VARIABLE = YES;
				IPHONEOS_DEPLOYMENT_TARGET = 10.2;
				MTL_ENABLE_DEBUG_INFO = YES;
				ONLY_ACTIVE_ARCH = YES;
				SDKROOT = iphoneos;
				SWIFT_ACTIVE_COMPILATION_CONDITIONS = DEBUG;
				SWIFT_OPTIMIZATION_LEVEL = "-Onone";
				TARGETED_DEVICE_FAMILY = "1,2";
			};
			name = Debug;
		};
		5A0AD6831EA6A71C0053945B /* Release */ = {
			isa = XCBuildConfiguration;
			buildSettings = {
				ALWAYS_SEARCH_USER_PATHS = NO;
				CLANG_ANALYZER_NONNULL = YES;
				CLANG_CXX_LANGUAGE_STANDARD = "gnu++0x";
				CLANG_CXX_LIBRARY = "libc++";
				CLANG_ENABLE_MODULES = YES;
				CLANG_ENABLE_OBJC_ARC = YES;
				CLANG_WARN_BOOL_CONVERSION = YES;
				CLANG_WARN_CONSTANT_CONVERSION = YES;
				CLANG_WARN_DIRECT_OBJC_ISA_USAGE = YES_ERROR;
				CLANG_WARN_DOCUMENTATION_COMMENTS = YES;
				CLANG_WARN_EMPTY_BODY = YES;
				CLANG_WARN_ENUM_CONVERSION = YES;
				CLANG_WARN_INFINITE_RECURSION = YES;
				CLANG_WARN_INT_CONVERSION = YES;
				CLANG_WARN_OBJC_ROOT_CLASS = YES_ERROR;
				CLANG_WARN_SUSPICIOUS_MOVE = YES;
				CLANG_WARN_UNREACHABLE_CODE = YES;
				CLANG_WARN__DUPLICATE_METHOD_MATCH = YES;
				"CODE_SIGN_IDENTITY[sdk=iphoneos*]" = "iPhone Developer";
				COPY_PHASE_STRIP = NO;
				DEBUG_INFORMATION_FORMAT = "dwarf-with-dsym";
				ENABLE_NS_ASSERTIONS = NO;
				ENABLE_STRICT_OBJC_MSGSEND = YES;
				GCC_C_LANGUAGE_STANDARD = gnu99;
				GCC_NO_COMMON_BLOCKS = YES;
				GCC_WARN_64_TO_32_BIT_CONVERSION = YES;
				GCC_WARN_ABOUT_RETURN_TYPE = YES_ERROR;
				GCC_WARN_UNDECLARED_SELECTOR = YES;
				GCC_WARN_UNINITIALIZED_AUTOS = YES_AGGRESSIVE;
				GCC_WARN_UNUSED_FUNCTION = YES;
				GCC_WARN_UNUSED_VARIABLE = YES;
				IPHONEOS_DEPLOYMENT_TARGET = 10.2;
				MTL_ENABLE_DEBUG_INFO = NO;
				SDKROOT = iphoneos;
				SWIFT_OPTIMIZATION_LEVEL = "-Owholemodule";
				TARGETED_DEVICE_FAMILY = "1,2";
				VALIDATE_PRODUCT = YES;
			};
			name = Release;
		};
		5A0AD6851EA6A71C0053945B /* Debug */ = {
			isa = XCBuildConfiguration;
			baseConfigurationReference = AA30146218964FBDEEC97568 /* Pods-BackgroundSensing.debug.xcconfig */;
			buildSettings = {
				ASSETCATALOG_COMPILER_APPICON_NAME = AppIcon;
				CODE_SIGN_ENTITLEMENTS = BackgroundSensing/BackgroundSensing.entitlements;
				DEVELOPMENT_TEAM = TCNFFABBAW;
				INFOPLIST_FILE = BackgroundSensing/Info.plist;
				IPHONEOS_DEPLOYMENT_TARGET = 10.0;
				LD_RUNPATH_SEARCH_PATHS = "$(inherited) @executable_path/Frameworks";
				PRODUCT_BUNDLE_IDENTIFIER = de.qu.tapsensing;
				PRODUCT_NAME = "$(TARGET_NAME)";
				SWIFT_VERSION = 3.0;
				TARGETED_DEVICE_FAMILY = 1;
			};
			name = Debug;
		};
		5A0AD6861EA6A71C0053945B /* Release */ = {
			isa = XCBuildConfiguration;
			baseConfigurationReference = 82D70180FB8F3EA823A0EF69 /* Pods-BackgroundSensing.release.xcconfig */;
			buildSettings = {
				ASSETCATALOG_COMPILER_APPICON_NAME = AppIcon;
				CODE_SIGN_ENTITLEMENTS = BackgroundSensing/BackgroundSensing.entitlements;
				DEVELOPMENT_TEAM = TCNFFABBAW;
				INFOPLIST_FILE = BackgroundSensing/Info.plist;
				IPHONEOS_DEPLOYMENT_TARGET = 10.0;
				LD_RUNPATH_SEARCH_PATHS = "$(inherited) @executable_path/Frameworks";
				PRODUCT_BUNDLE_IDENTIFIER = de.qu.tapsensing;
				PRODUCT_NAME = "$(TARGET_NAME)";
				SWIFT_VERSION = 3.0;
				TARGETED_DEVICE_FAMILY = 1;
			};
			name = Release;
		};
		5A0AD6881EA6A71C0053945B /* Debug */ = {
			isa = XCBuildConfiguration;
			baseConfigurationReference = 8B1BAE6DA3F1DC27ADA7E733 /* Pods-BackgroundSensingTests.debug.xcconfig */;
			buildSettings = {
				ALWAYS_EMBED_SWIFT_STANDARD_LIBRARIES = YES;
				BUNDLE_LOADER = "$(TEST_HOST)";
				INFOPLIST_FILE = BackgroundSensingTests/Info.plist;
				LD_RUNPATH_SEARCH_PATHS = "$(inherited) @executable_path/Frameworks @loader_path/Frameworks";
				PRODUCT_BUNDLE_IDENTIFIER = QULabs.BackgroundSensingTests;
				PRODUCT_NAME = "$(TARGET_NAME)";
				SWIFT_VERSION = 3.0;
				TEST_HOST = "$(BUILT_PRODUCTS_DIR)/BackgroundSensing.app/BackgroundSensing";
			};
			name = Debug;
		};
		5A0AD6891EA6A71C0053945B /* Release */ = {
			isa = XCBuildConfiguration;
			baseConfigurationReference = 496ED773794685E4297A0D5C /* Pods-BackgroundSensingTests.release.xcconfig */;
			buildSettings = {
				ALWAYS_EMBED_SWIFT_STANDARD_LIBRARIES = YES;
				BUNDLE_LOADER = "$(TEST_HOST)";
				INFOPLIST_FILE = BackgroundSensingTests/Info.plist;
				LD_RUNPATH_SEARCH_PATHS = "$(inherited) @executable_path/Frameworks @loader_path/Frameworks";
				PRODUCT_BUNDLE_IDENTIFIER = QULabs.BackgroundSensingTests;
				PRODUCT_NAME = "$(TARGET_NAME)";
				SWIFT_VERSION = 3.0;
				TEST_HOST = "$(BUILT_PRODUCTS_DIR)/BackgroundSensing.app/BackgroundSensing";
			};
			name = Release;
		};
		5A0AD68B1EA6A71C0053945B /* Debug */ = {
			isa = XCBuildConfiguration;
			baseConfigurationReference = C873E47DA5D2238C23455127 /* Pods-BackgroundSensingUITests.debug.xcconfig */;
			buildSettings = {
				ALWAYS_EMBED_SWIFT_STANDARD_LIBRARIES = YES;
				INFOPLIST_FILE = BackgroundSensingUITests/Info.plist;
				LD_RUNPATH_SEARCH_PATHS = "$(inherited) @executable_path/Frameworks @loader_path/Frameworks";
				PRODUCT_BUNDLE_IDENTIFIER = QULabs.BackgroundSensingUITests;
				PRODUCT_NAME = "$(TARGET_NAME)";
				SWIFT_VERSION = 3.0;
				TEST_TARGET_NAME = BackgroundSensing;
			};
			name = Debug;
		};
		5A0AD68C1EA6A71C0053945B /* Release */ = {
			isa = XCBuildConfiguration;
			baseConfigurationReference = A0F002C59E9F6ED8BB0D1959 /* Pods-BackgroundSensingUITests.release.xcconfig */;
			buildSettings = {
				ALWAYS_EMBED_SWIFT_STANDARD_LIBRARIES = YES;
				INFOPLIST_FILE = BackgroundSensingUITests/Info.plist;
				LD_RUNPATH_SEARCH_PATHS = "$(inherited) @executable_path/Frameworks @loader_path/Frameworks";
				PRODUCT_BUNDLE_IDENTIFIER = QULabs.BackgroundSensingUITests;
				PRODUCT_NAME = "$(TARGET_NAME)";
				SWIFT_VERSION = 3.0;
				TEST_TARGET_NAME = BackgroundSensing;
			};
			name = Release;
		};
/* End XCBuildConfiguration section */

/* Begin XCConfigurationList section */
		5A0AD6571EA6A71B0053945B /* Build configuration list for PBXProject "BackgroundSensing" */ = {
			isa = XCConfigurationList;
			buildConfigurations = (
				5A0AD6821EA6A71C0053945B /* Debug */,
				5A0AD6831EA6A71C0053945B /* Release */,
			);
			defaultConfigurationIsVisible = 0;
			defaultConfigurationName = Release;
		};
		5A0AD6841EA6A71C0053945B /* Build configuration list for PBXNativeTarget "BackgroundSensing" */ = {
			isa = XCConfigurationList;
			buildConfigurations = (
				5A0AD6851EA6A71C0053945B /* Debug */,
				5A0AD6861EA6A71C0053945B /* Release */,
			);
			defaultConfigurationIsVisible = 0;
			defaultConfigurationName = Release;
		};
		5A0AD6871EA6A71C0053945B /* Build configuration list for PBXNativeTarget "BackgroundSensingTests" */ = {
			isa = XCConfigurationList;
			buildConfigurations = (
				5A0AD6881EA6A71C0053945B /* Debug */,
				5A0AD6891EA6A71C0053945B /* Release */,
			);
			defaultConfigurationIsVisible = 0;
			defaultConfigurationName = Release;
		};
		5A0AD68A1EA6A71C0053945B /* Build configuration list for PBXNativeTarget "BackgroundSensingUITests" */ = {
			isa = XCConfigurationList;
			buildConfigurations = (
				5A0AD68B1EA6A71C0053945B /* Debug */,
				5A0AD68C1EA6A71C0053945B /* Release */,
			);
			defaultConfigurationIsVisible = 0;
			defaultConfigurationName = Release;
		};
/* End XCConfigurationList section */

/* Begin XCVersionGroup section */
		5A3506231EE36664004E42E3 /* DataModel.xcdatamodeld */ = {
			isa = XCVersionGroup;
			children = (
				5A3506241EE36664004E42E3 /* DataModel.xcdatamodel */,
			);
			currentVersion = 5A3506241EE36664004E42E3 /* DataModel.xcdatamodel */;
			path = DataModel.xcdatamodeld;
			sourceTree = "<group>";
			versionGroupType = wrapper.xcdatamodel;
		};
/* End XCVersionGroup section */
	};
	rootObject = 5A0AD6541EA6A71B0053945B /* Project object */;
}
