// !$*UTF8*$!
{
	archiveVersion = 1;
	classes = {
	};
	objectVersion = 46;
	objects = {

/* Begin PBXBuildFile section */
		2094078B81F3202B399DB41D /* Pods_BackgroundSensingTests.framework in Frameworks */ = {isa = PBXBuildFile; fileRef = 1E3D5EE72125647739C67B42 /* Pods_BackgroundSensingTests.framework */; };
		5A0AD6601EA6A71B0053945B /* AppDelegate.swift in Sources */ = {isa = PBXBuildFile; fileRef = 5A0AD65F1EA6A71B0053945B /* AppDelegate.swift */; };
		5A0AD6621EA6A71B0053945B /* ViewController.swift in Sources */ = {isa = PBXBuildFile; fileRef = 5A0AD6611EA6A71B0053945B /* ViewController.swift */; };
		5A0AD6651EA6A71B0053945B /* Main.storyboard in Resources */ = {isa = PBXBuildFile; fileRef = 5A0AD6631EA6A71B0053945B /* Main.storyboard */; };
		5A0AD6671EA6A71B0053945B /* Assets.xcassets in Resources */ = {isa = PBXBuildFile; fileRef = 5A0AD6661EA6A71B0053945B /* Assets.xcassets */; };
		5A0AD66A1EA6A71B0053945B /* LaunchScreen.storyboard in Resources */ = {isa = PBXBuildFile; fileRef = 5A0AD6681EA6A71B0053945B /* LaunchScreen.storyboard */; };
		5A0AD6751EA6A71C0053945B /* BackgroundSensingTests.swift in Sources */ = {isa = PBXBuildFile; fileRef = 5A0AD6741EA6A71C0053945B /* BackgroundSensingTests.swift */; };
		5A0AD6801EA6A71C0053945B /* BackgroundSensingUITests.swift in Sources */ = {isa = PBXBuildFile; fileRef = 5A0AD67F1EA6A71C0053945B /* BackgroundSensingUITests.swift */; };
		5A1000241EB4A1B600C088C5 /* GyroData.swift in Sources */ = {isa = PBXBuildFile; fileRef = 5A1000231EB4A1B600C088C5 /* GyroData.swift */; };
		5A10002B1EB4B71800C088C5 /* JSONRepresentable.swift in Sources */ = {isa = PBXBuildFile; fileRef = 5A10002A1EB4B71800C088C5 /* JSONRepresentable.swift */; };
		5A10002D1EB4B77A00C088C5 /* JSONSerializable+JSONRepresentation.swift in Sources */ = {isa = PBXBuildFile; fileRef = 5A10002C1EB4B77A00C088C5 /* JSONSerializable+JSONRepresentation.swift */; };
		5A10002F1EB4B7BA00C088C5 /* JSONSerializable.swift in Sources */ = {isa = PBXBuildFile; fileRef = 5A10002E1EB4B7BA00C088C5 /* JSONSerializable.swift */; };
		5A1000311EB4B7DC00C088C5 /* JSONSerializable+toJSON.swift in Sources */ = {isa = PBXBuildFile; fileRef = 5A1000301EB4B7DC00C088C5 /* JSONSerializable+toJSON.swift */; };
		5A5729DE1ED4BDA40003CF4D /* TouchEvent.swift in Sources */ = {isa = PBXBuildFile; fileRef = 5A5729DD1ED4BDA40003CF4D /* TouchEvent.swift */; };
		5A6F19CC1EBA37080050A411 /* Queue.swift in Sources */ = {isa = PBXBuildFile; fileRef = 5A6F19CB1EBA37080050A411 /* Queue.swift */; };
		5A6F19CE1EBA37170050A411 /* JSONSerializableCollection.swift in Sources */ = {isa = PBXBuildFile; fileRef = 5A6F19CD1EBA37170050A411 /* JSONSerializableCollection.swift */; };
		5A7F80E51ECDFB6500F0BB10 /* GridViewController.swift in Sources */ = {isa = PBXBuildFile; fileRef = 5A7F80E41ECDFB6500F0BB10 /* GridViewController.swift */; };
		5A92A6CA1EBB6A780000A10F /* GyroController.swift in Sources */ = {isa = PBXBuildFile; fileRef = 5A92A6C91EBB6A780000A10F /* GyroController.swift */; };
		5A92A6CC1EBB73330000A10F /* NetworkController.swift in Sources */ = {isa = PBXBuildFile; fileRef = 5A92A6CB1EBB73330000A10F /* NetworkController.swift */; };
		5A9C984C1EA7BB7B00D93758 /* BackgroundTask.swift in Sources */ = {isa = PBXBuildFile; fileRef = 5A9C984B1EA7BB7B00D93758 /* BackgroundTask.swift */; };
		5AD063F41EA771B100F705CC /* nosound.wav in Resources */ = {isa = PBXBuildFile; fileRef = 5AD063F31EA771B100F705CC /* nosound.wav */; };
		BB66339787CB30BF79D3FAE4 /* Pods_BackgroundSensingUITests.framework in Frameworks */ = {isa = PBXBuildFile; fileRef = E59417727C24C13442E5A5F1 /* Pods_BackgroundSensingUITests.framework */; };
		C9C6012C3CEE3054D60ABDCE /* Pods_BackgroundSensing.framework in Frameworks */ = {isa = PBXBuildFile; fileRef = F5AFAB70179367CDE1EEBFBC /* Pods_BackgroundSensing.framework */; };
/* End PBXBuildFile section */

/* Begin PBXContainerItemProxy section */
		5A0AD6711EA6A71C0053945B /* PBXContainerItemProxy */ = {
			isa = PBXContainerItemProxy;
			containerPortal = 5A0AD6541EA6A71B0053945B /* Project object */;
			proxyType = 1;
			remoteGlobalIDString = 5A0AD65B1EA6A71B0053945B;
			remoteInfo = BackgroundSensing;
		};
		5A0AD67C1EA6A71C0053945B /* PBXContainerItemProxy */ = {
			isa = PBXContainerItemProxy;
			containerPortal = 5A0AD6541EA6A71B0053945B /* Project object */;
			proxyType = 1;
			remoteGlobalIDString = 5A0AD65B1EA6A71B0053945B;
			remoteInfo = BackgroundSensing;
		};
/* End PBXContainerItemProxy section */

/* Begin PBXFileReference section */
		1E3D5EE72125647739C67B42 /* Pods_BackgroundSensingTests.framework */ = {isa = PBXFileReference; explicitFileType = wrapper.framework; includeInIndex = 0; path = Pods_BackgroundSensingTests.framework; sourceTree = BUILT_PRODUCTS_DIR; };
		496ED773794685E4297A0D5C /* Pods-BackgroundSensingTests.release.xcconfig */ = {isa = PBXFileReference; includeInIndex = 1; lastKnownFileType = text.xcconfig; name = "Pods-BackgroundSensingTests.release.xcconfig"; path = "Pods/Target Support Files/Pods-BackgroundSensingTests/Pods-BackgroundSensingTests.release.xcconfig"; sourceTree = "<group>"; };
		5A0AD65C1EA6A71B0053945B /* BackgroundSensing.app */ = {isa = PBXFileReference; explicitFileType = wrapper.application; includeInIndex = 0; path = BackgroundSensing.app; sourceTree = BUILT_PRODUCTS_DIR; };
		5A0AD65F1EA6A71B0053945B /* AppDelegate.swift */ = {isa = PBXFileReference; lastKnownFileType = sourcecode.swift; path = AppDelegate.swift; sourceTree = "<group>"; };
		5A0AD6611EA6A71B0053945B /* ViewController.swift */ = {isa = PBXFileReference; lastKnownFileType = sourcecode.swift; path = ViewController.swift; sourceTree = "<group>"; };
		5A0AD6641EA6A71B0053945B /* Base */ = {isa = PBXFileReference; lastKnownFileType = file.storyboard; name = Base; path = Base.lproj/Main.storyboard; sourceTree = "<group>"; };
		5A0AD6661EA6A71B0053945B /* Assets.xcassets */ = {isa = PBXFileReference; lastKnownFileType = folder.assetcatalog; path = Assets.xcassets; sourceTree = "<group>"; };
		5A0AD6691EA6A71B0053945B /* Base */ = {isa = PBXFileReference; lastKnownFileType = file.storyboard; name = Base; path = Base.lproj/LaunchScreen.storyboard; sourceTree = "<group>"; };
		5A0AD66B1EA6A71B0053945B /* Info.plist */ = {isa = PBXFileReference; lastKnownFileType = text.plist.xml; path = Info.plist; sourceTree = "<group>"; };
		5A0AD6701EA6A71C0053945B /* BackgroundSensingTests.xctest */ = {isa = PBXFileReference; explicitFileType = wrapper.cfbundle; includeInIndex = 0; path = BackgroundSensingTests.xctest; sourceTree = BUILT_PRODUCTS_DIR; };
		5A0AD6741EA6A71C0053945B /* BackgroundSensingTests.swift */ = {isa = PBXFileReference; lastKnownFileType = sourcecode.swift; path = BackgroundSensingTests.swift; sourceTree = "<group>"; };
		5A0AD6761EA6A71C0053945B /* Info.plist */ = {isa = PBXFileReference; lastKnownFileType = text.plist.xml; path = Info.plist; sourceTree = "<group>"; };
		5A0AD67B1EA6A71C0053945B /* BackgroundSensingUITests.xctest */ = {isa = PBXFileReference; explicitFileType = wrapper.cfbundle; includeInIndex = 0; path = BackgroundSensingUITests.xctest; sourceTree = BUILT_PRODUCTS_DIR; };
		5A0AD67F1EA6A71C0053945B /* BackgroundSensingUITests.swift */ = {isa = PBXFileReference; lastKnownFileType = sourcecode.swift; path = BackgroundSensingUITests.swift; sourceTree = "<group>"; };
		5A0AD6811EA6A71C0053945B /* Info.plist */ = {isa = PBXFileReference; lastKnownFileType = text.plist.xml; path = Info.plist; sourceTree = "<group>"; };
		5A1000231EB4A1B600C088C5 /* GyroData.swift */ = {isa = PBXFileReference; fileEncoding = 4; lastKnownFileType = sourcecode.swift; name = GyroData.swift; path = models/GyroData.swift; sourceTree = "<group>"; };
		5A10002A1EB4B71800C088C5 /* JSONRepresentable.swift */ = {isa = PBXFileReference; fileEncoding = 4; lastKnownFileType = sourcecode.swift; name = JSONRepresentable.swift; path = Protocols/JSONRepresentable.swift; sourceTree = "<group>"; };
		5A10002C1EB4B77A00C088C5 /* JSONSerializable+JSONRepresentation.swift */ = {isa = PBXFileReference; fileEncoding = 4; lastKnownFileType = sourcecode.swift; name = "JSONSerializable+JSONRepresentation.swift"; path = "Protocols/JSONSerializable+JSONRepresentation.swift"; sourceTree = "<group>"; };
		5A10002E1EB4B7BA00C088C5 /* JSONSerializable.swift */ = {isa = PBXFileReference; fileEncoding = 4; lastKnownFileType = sourcecode.swift; name = JSONSerializable.swift; path = Protocols/JSONSerializable.swift; sourceTree = "<group>"; };
		5A1000301EB4B7DC00C088C5 /* JSONSerializable+toJSON.swift */ = {isa = PBXFileReference; fileEncoding = 4; lastKnownFileType = sourcecode.swift; name = "JSONSerializable+toJSON.swift"; path = "Protocols/JSONSerializable+toJSON.swift"; sourceTree = "<group>"; };
		5A5729DD1ED4BDA40003CF4D /* TouchEvent.swift */ = {isa = PBXFileReference; fileEncoding = 4; lastKnownFileType = sourcecode.swift; name = TouchEvent.swift; path = Models/TouchEvent.swift; sourceTree = "<group>"; };
		5A6F19CB1EBA37080050A411 /* Queue.swift */ = {isa = PBXFileReference; fileEncoding = 4; lastKnownFileType = sourcecode.swift; name = Queue.swift; path = Utils/Queue.swift; sourceTree = "<group>"; };
		5A6F19CD1EBA37170050A411 /* JSONSerializableCollection.swift */ = {isa = PBXFileReference; fileEncoding = 4; lastKnownFileType = sourcecode.swift; name = JSONSerializableCollection.swift; path = Models/JSONSerializableCollection.swift; sourceTree = "<group>"; };
		5A7F80E41ECDFB6500F0BB10 /* GridViewController.swift */ = {isa = PBXFileReference; fileEncoding = 4; lastKnownFileType = sourcecode.swift; path = GridViewController.swift; sourceTree = "<group>"; };
		5A92A6C91EBB6A780000A10F /* GyroController.swift */ = {isa = PBXFileReference; fileEncoding = 4; lastKnownFileType = sourcecode.swift; path = GyroController.swift; sourceTree = "<group>"; };
		5A92A6CB1EBB73330000A10F /* NetworkController.swift */ = {isa = PBXFileReference; fileEncoding = 4; lastKnownFileType = sourcecode.swift; name = NetworkController.swift; path = Controllers/NetworkController.swift; sourceTree = "<group>"; };
		5A9C984B1EA7BB7B00D93758 /* BackgroundTask.swift */ = {isa = PBXFileReference; fileEncoding = 4; lastKnownFileType = sourcecode.swift; path = BackgroundTask.swift; sourceTree = "<group>"; };
		5AD063F31EA771B100F705CC /* nosound.wav */ = {isa = PBXFileReference; lastKnownFileType = audio.wav; path = nosound.wav; sourceTree = "<group>"; };
		82D70180FB8F3EA823A0EF69 /* Pods-BackgroundSensing.release.xcconfig */ = {isa = PBXFileReference; includeInIndex = 1; lastKnownFileType = text.xcconfig; name = "Pods-BackgroundSensing.release.xcconfig"; path = "Pods/Target Support Files/Pods-BackgroundSensing/Pods-BackgroundSensing.release.xcconfig"; sourceTree = "<group>"; };
		8B1BAE6DA3F1DC27ADA7E733 /* Pods-BackgroundSensingTests.debug.xcconfig */ = {isa = PBXFileReference; includeInIndex = 1; lastKnownFileType = text.xcconfig; name = "Pods-BackgroundSensingTests.debug.xcconfig"; path = "Pods/Target Support Files/Pods-BackgroundSensingTests/Pods-BackgroundSensingTests.debug.xcconfig"; sourceTree = "<group>"; };
		A0F002C59E9F6ED8BB0D1959 /* Pods-BackgroundSensingUITests.release.xcconfig */ = {isa = PBXFileReference; includeInIndex = 1; lastKnownFileType = text.xcconfig; name = "Pods-BackgroundSensingUITests.release.xcconfig"; path = "Pods/Target Support Files/Pods-BackgroundSensingUITests/Pods-BackgroundSensingUITests.release.xcconfig"; sourceTree = "<group>"; };
		AA30146218964FBDEEC97568 /* Pods-BackgroundSensing.debug.xcconfig */ = {isa = PBXFileReference; includeInIndex = 1; lastKnownFileType = text.xcconfig; name = "Pods-BackgroundSensing.debug.xcconfig"; path = "Pods/Target Support Files/Pods-BackgroundSensing/Pods-BackgroundSensing.debug.xcconfig"; sourceTree = "<group>"; };
		C873E47DA5D2238C23455127 /* Pods-BackgroundSensingUITests.debug.xcconfig */ = {isa = PBXFileReference; includeInIndex = 1; lastKnownFileType = text.xcconfig; name = "Pods-BackgroundSensingUITests.debug.xcconfig"; path = "Pods/Target Support Files/Pods-BackgroundSensingUITests/Pods-BackgroundSensingUITests.debug.xcconfig"; sourceTree = "<group>"; };
		E59417727C24C13442E5A5F1 /* Pods_BackgroundSensingUITests.framework */ = {isa = PBXFileReference; explicitFileType = wrapper.framework; includeInIndex = 0; path = Pods_BackgroundSensingUITests.framework; sourceTree = BUILT_PRODUCTS_DIR; };
		F5AFAB70179367CDE1EEBFBC /* Pods_BackgroundSensing.framework */ = {isa = PBXFileReference; explicitFileType = wrapper.framework; includeInIndex = 0; path = Pods_BackgroundSensing.framework; sourceTree = BUILT_PRODUCTS_DIR; };
/* End PBXFileReference section */

/* Begin PBXFrameworksBuildPhase section */
		5A0AD6591EA6A71B0053945B /* Frameworks */ = {
			isa = PBXFrameworksBuildPhase;
			buildActionMask = 2147483647;
			files = (
				C9C6012C3CEE3054D60ABDCE /* Pods_BackgroundSensing.framework in Frameworks */,
			);
			runOnlyForDeploymentPostprocessing = 0;
		};
		5A0AD66D1EA6A71C0053945B /* Frameworks */ = {
			isa = PBXFrameworksBuildPhase;
			buildActionMask = 2147483647;
			files = (
				2094078B81F3202B399DB41D /* Pods_BackgroundSensingTests.framework in Frameworks */,
			);
			runOnlyForDeploymentPostprocessing = 0;
		};
		5A0AD6781EA6A71C0053945B /* Frameworks */ = {
			isa = PBXFrameworksBuildPhase;
			buildActionMask = 2147483647;
			files = (
				BB66339787CB30BF79D3FAE4 /* Pods_BackgroundSensingUITests.framework in Frameworks */,
			);
			runOnlyForDeploymentPostprocessing = 0;
		};
/* End PBXFrameworksBuildPhase section */

/* Begin PBXGroup section */
		2029FA11F3C728DA5BA2D034 /* Pods */ = {
			isa = PBXGroup;
			children = (
				AA30146218964FBDEEC97568 /* Pods-BackgroundSensing.debug.xcconfig */,
				82D70180FB8F3EA823A0EF69 /* Pods-BackgroundSensing.release.xcconfig */,
				8B1BAE6DA3F1DC27ADA7E733 /* Pods-BackgroundSensingTests.debug.xcconfig */,
				496ED773794685E4297A0D5C /* Pods-BackgroundSensingTests.release.xcconfig */,
				C873E47DA5D2238C23455127 /* Pods-BackgroundSensingUITests.debug.xcconfig */,
				A0F002C59E9F6ED8BB0D1959 /* Pods-BackgroundSensingUITests.release.xcconfig */,
			);
			name = Pods;
			sourceTree = "<group>";
		};
		5A0AD6531EA6A71B0053945B = {
			isa = PBXGroup;
			children = (
				5A0AD65E1EA6A71B0053945B /* BackgroundSensing */,
				5A0AD6731EA6A71C0053945B /* BackgroundSensingTests */,
				5A0AD67E1EA6A71C0053945B /* BackgroundSensingUITests */,
				5A0AD65D1EA6A71B0053945B /* Products */,
				2029FA11F3C728DA5BA2D034 /* Pods */,
				7C5809DD68D63254F841A5B2 /* Frameworks */,
			);
			sourceTree = "<group>";
		};
		5A0AD65D1EA6A71B0053945B /* Products */ = {
			isa = PBXGroup;
			children = (
				5A0AD65C1EA6A71B0053945B /* BackgroundSensing.app */,
				5A0AD6701EA6A71C0053945B /* BackgroundSensingTests.xctest */,
				5A0AD67B1EA6A71C0053945B /* BackgroundSensingUITests.xctest */,
			);
			name = Products;
			sourceTree = "<group>";
		};
		5A0AD65E1EA6A71B0053945B /* BackgroundSensing */ = {
			isa = PBXGroup;
			children = (
				5A92A6C81EBB6A470000A10F /* Controllers */,
				5A6F19C81EBA32330050A411 /* Utils */,
				5A1000291EB4B6FD00C088C5 /* Protocols */,
				5A1000251EB4A1BF00C088C5 /* Models */,
				5A9C984B1EA7BB7B00D93758 /* BackgroundTask.swift */,
				5AD063F31EA771B100F705CC /* nosound.wav */,
				5A0AD65F1EA6A71B0053945B /* AppDelegate.swift */,
				5A0AD6611EA6A71B0053945B /* ViewController.swift */,
				5A0AD6631EA6A71B0053945B /* Main.storyboard */,
				5A0AD6661EA6A71B0053945B /* Assets.xcassets */,
				5A0AD6681EA6A71B0053945B /* LaunchScreen.storyboard */,
				5A0AD66B1EA6A71B0053945B /* Info.plist */,
				5A7F80E41ECDFB6500F0BB10 /* GridViewController.swift */,
			);
			path = BackgroundSensing;
			sourceTree = "<group>";
		};
		5A0AD6731EA6A71C0053945B /* BackgroundSensingTests */ = {
			isa = PBXGroup;
			children = (
				5A0AD6741EA6A71C0053945B /* BackgroundSensingTests.swift */,
				5A0AD6761EA6A71C0053945B /* Info.plist */,
			);
			path = BackgroundSensingTests;
			sourceTree = "<group>";
		};
		5A0AD67E1EA6A71C0053945B /* BackgroundSensingUITests */ = {
			isa = PBXGroup;
			children = (
				5A0AD67F1EA6A71C0053945B /* BackgroundSensingUITests.swift */,
				5A0AD6811EA6A71C0053945B /* Info.plist */,
			);
			path = BackgroundSensingUITests;
			sourceTree = "<group>";
		};
		5A1000251EB4A1BF00C088C5 /* Models */ = {
			isa = PBXGroup;
			children = (
				5A6F19CD1EBA37170050A411 /* JSONSerializableCollection.swift */,
				5A1000231EB4A1B600C088C5 /* GyroData.swift */,
				5A5729DD1ED4BDA40003CF4D /* TouchEvent.swift */,
			);
			name = Models;
			sourceTree = "<group>";
		};
		5A1000291EB4B6FD00C088C5 /* Protocols */ = {
			isa = PBXGroup;
			children = (
				5A10002A1EB4B71800C088C5 /* JSONRepresentable.swift */,
				5A10002C1EB4B77A00C088C5 /* JSONSerializable+JSONRepresentation.swift */,
				5A10002E1EB4B7BA00C088C5 /* JSONSerializable.swift */,
				5A1000301EB4B7DC00C088C5 /* JSONSerializable+toJSON.swift */,
			);
			name = Protocols;
			sourceTree = "<group>";
		};
		5A6F19C81EBA32330050A411 /* Utils */ = {
			isa = PBXGroup;
			children = (
				5A6F19CB1EBA37080050A411 /* Queue.swift */,
			);
			name = Utils;
			sourceTree = "<group>";
		};
		5A92A6C81EBB6A470000A10F /* Controllers */ = {
			isa = PBXGroup;
			children = (
				5A92A6C91EBB6A780000A10F /* GyroController.swift */,
				5A92A6CB1EBB73330000A10F /* NetworkController.swift */,
			);
			name = Controllers;
			sourceTree = "<group>";
		};
		7C5809DD68D63254F841A5B2 /* Frameworks */ = {
			isa = PBXGroup;
			children = (
				F5AFAB70179367CDE1EEBFBC /* Pods_BackgroundSensing.framework */,
				1E3D5EE72125647739C67B42 /* Pods_BackgroundSensingTests.framework */,
				E59417727C24C13442E5A5F1 /* Pods_BackgroundSensingUITests.framework */,
			);
			name = Frameworks;
			sourceTree = "<group>";
		};
/* End PBXGroup section */

/* Begin PBXNativeTarget section */
		5A0AD65B1EA6A71B0053945B /* BackgroundSensing */ = {
			isa = PBXNativeTarget;
			buildConfigurationList = 5A0AD6841EA6A71C0053945B /* Build configuration list for PBXNativeTarget "BackgroundSensing" */;
			buildPhases = (
				D36AD74C0D7346184DD755CC /* [CP] Check Pods Manifest.lock */,
				5A0AD6581EA6A71B0053945B /* Sources */,
				5A0AD6591EA6A71B0053945B /* Frameworks */,
				5A0AD65A1EA6A71B0053945B /* Resources */,
				C82D9AEC16DA2A943673FABB /* [CP] Embed Pods Frameworks */,
				7A86CB8DB66BCE6E6F56831E /* [CP] Copy Pods Resources */,
			);
			buildRules = (
			);
			dependencies = (
			);
			name = BackgroundSensing;
			productName = BackgroundSensing;
			productReference = 5A0AD65C1EA6A71B0053945B /* BackgroundSensing.app */;
			productType = "com.apple.product-type.application";
		};
		5A0AD66F1EA6A71C0053945B /* BackgroundSensingTests */ = {
			isa = PBXNativeTarget;
			buildConfigurationList = 5A0AD6871EA6A71C0053945B /* Build configuration list for PBXNativeTarget "BackgroundSensingTests" */;
			buildPhases = (
				0ED68832DE181B6F1A22C3DE /* [CP] Check Pods Manifest.lock */,
				5A0AD66C1EA6A71C0053945B /* Sources */,
				5A0AD66D1EA6A71C0053945B /* Frameworks */,
				5A0AD66E1EA6A71C0053945B /* Resources */,
				37960E38A33010EA021AC037 /* [CP] Embed Pods Frameworks */,
				EB0779C8C217A27ABF3D506F /* [CP] Copy Pods Resources */,
			);
			buildRules = (
			);
			dependencies = (
				5A0AD6721EA6A71C0053945B /* PBXTargetDependency */,
			);
			name = BackgroundSensingTests;
			productName = BackgroundSensingTests;
			productReference = 5A0AD6701EA6A71C0053945B /* BackgroundSensingTests.xctest */;
			productType = "com.apple.product-type.bundle.unit-test";
		};
		5A0AD67A1EA6A71C0053945B /* BackgroundSensingUITests */ = {
			isa = PBXNativeTarget;
			buildConfigurationList = 5A0AD68A1EA6A71C0053945B /* Build configuration list for PBXNativeTarget "BackgroundSensingUITests" */;
			buildPhases = (
				30869A72B23DAAFC64CE2347 /* [CP] Check Pods Manifest.lock */,
				5A0AD6771EA6A71C0053945B /* Sources */,
				5A0AD6781EA6A71C0053945B /* Frameworks */,
				5A0AD6791EA6A71C0053945B /* Resources */,
				B56B02D91621DE6D90EB95E1 /* [CP] Embed Pods Frameworks */,
				2A7DE89BBA580D140E1628CF /* [CP] Copy Pods Resources */,
			);
			buildRules = (
			);
			dependencies = (
				5A0AD67D1EA6A71C0053945B /* PBXTargetDependency */,
			);
			name = BackgroundSensingUITests;
			productName = BackgroundSensingUITests;
			productReference = 5A0AD67B1EA6A71C0053945B /* BackgroundSensingUITests.xctest */;
			productType = "com.apple.product-type.bundle.ui-testing";
		};
/* End PBXNativeTarget section */

/* Begin PBXProject section */
		5A0AD6541EA6A71B0053945B /* Project object */ = {
			isa = PBXProject;
			attributes = {
				LastSwiftUpdateCheck = 0820;
				LastUpgradeCheck = 0820;
				ORGANIZATIONNAME = "Emanuel Schmitt";
				TargetAttributes = {
					5A0AD65B1EA6A71B0053945B = {
						CreatedOnToolsVersion = 8.2.1;
						DevelopmentTeam = TCNFFABBAW;
						ProvisioningStyle = Automatic;
						SystemCapabilities = {
							com.apple.BackgroundModes = {
								enabled = 1;
							};
						};
					};
					5A0AD66F1EA6A71C0053945B = {
						CreatedOnToolsVersion = 8.2.1;
						ProvisioningStyle = Automatic;
						TestTargetID = 5A0AD65B1EA6A71B0053945B;
					};
					5A0AD67A1EA6A71C0053945B = {
						CreatedOnToolsVersion = 8.2.1;
						ProvisioningStyle = Automatic;
						TestTargetID = 5A0AD65B1EA6A71B0053945B;
					};
				};
			};
			buildConfigurationList = 5A0AD6571EA6A71B0053945B /* Build configuration list for PBXProject "BackgroundSensing" */;
			compatibilityVersion = "Xcode 3.2";
			developmentRegion = English;
			hasScannedForEncodings = 0;
			knownRegions = (
				en,
				Base,
			);
			mainGroup = 5A0AD6531EA6A71B0053945B;
			productRefGroup = 5A0AD65D1EA6A71B0053945B /* Products */;
			projectDirPath = "";
			projectRoot = "";
			targets = (
				5A0AD65B1EA6A71B0053945B /* BackgroundSensing */,
				5A0AD66F1EA6A71C0053945B /* BackgroundSensingTests */,
				5A0AD67A1EA6A71C0053945B /* BackgroundSensingUITests */,
			);
		};
/* End PBXProject section */

/* Begin PBXResourcesBuildPhase section */
		5A0AD65A1EA6A71B0053945B /* Resources */ = {
			isa = PBXResourcesBuildPhase;
			buildActionMask = 2147483647;
			files = (
				5AD063F41EA771B100F705CC /* nosound.wav in Resources */,
				5A0AD66A1EA6A71B0053945B /* LaunchScreen.storyboard in Resources */,
				5A0AD6671EA6A71B0053945B /* Assets.xcassets in Resources */,
				5A0AD6651EA6A71B0053945B /* Main.storyboard in Resources */,
			);
			runOnlyForDeploymentPostprocessing = 0;
		};
		5A0AD66E1EA6A71C0053945B /* Resources */ = {
			isa = PBXResourcesBuildPhase;
			buildActionMask = 2147483647;
			files = (
			);
			runOnlyForDeploymentPostprocessing = 0;
		};
		5A0AD6791EA6A71C0053945B /* Resources */ = {
			isa = PBXResourcesBuildPhase;
			buildActionMask = 2147483647;
			files = (
			);
			runOnlyForDeploymentPostprocessing = 0;
		};
/* End PBXResourcesBuildPhase section */

/* Begin PBXShellScriptBuildPhase section */
		0ED68832DE181B6F1A22C3DE /* [CP] Check Pods Manifest.lock */ = {
			isa = PBXShellScriptBuildPhase;
			buildActionMask = 2147483647;
			files = (
			);
			inputPaths = (
			);
			name = "[CP] Check Pods Manifest.lock";
			outputPaths = (
			);
			runOnlyForDeploymentPostprocessing = 0;
			shellPath = /bin/sh;
			shellScript = "diff \"${PODS_ROOT}/../Podfile.lock\" \"${PODS_ROOT}/Manifest.lock\" > /dev/null\nif [ $? != 0 ] ; then\n    # print error to STDERR\n    echo \"error: The sandbox is not in sync with the Podfile.lock. Run 'pod install' or update your CocoaPods installation.\" >&2\n    exit 1\nfi\n";
			showEnvVarsInLog = 0;
		};
		2A7DE89BBA580D140E1628CF /* [CP] Copy Pods Resources */ = {
			isa = PBXShellScriptBuildPhase;
			buildActionMask = 2147483647;
			files = (
			);
			inputPaths = (
			);
			name = "[CP] Copy Pods Resources";
			outputPaths = (
			);
			runOnlyForDeploymentPostprocessing = 0;
			shellPath = /bin/sh;
			shellScript = "\"${SRCROOT}/Pods/Target Support Files/Pods-BackgroundSensingUITests/Pods-BackgroundSensingUITests-resources.sh\"\n";
			showEnvVarsInLog = 0;
		};
		30869A72B23DAAFC64CE2347 /* [CP] Check Pods Manifest.lock */ = {
			isa = PBXShellScriptBuildPhase;
			buildActionMask = 2147483647;
			files = (
			);
			inputPaths = (
			);
			name = "[CP] Check Pods Manifest.lock";
			outputPaths = (
			);
			runOnlyForDeploymentPostprocessing = 0;
			shellPath = /bin/sh;
			shellScript = "diff \"${PODS_ROOT}/../Podfile.lock\" \"${PODS_ROOT}/Manifest.lock\" > /dev/null\nif [ $? != 0 ] ; then\n    # print error to STDERR\n    echo \"error: The sandbox is not in sync with the Podfile.lock. Run 'pod install' or update your CocoaPods installation.\" >&2\n    exit 1\nfi\n";
			showEnvVarsInLog = 0;
		};
		37960E38A33010EA021AC037 /* [CP] Embed Pods Frameworks */ = {
			isa = PBXShellScriptBuildPhase;
			buildActionMask = 2147483647;
			files = (
			);
			inputPaths = (
			);
			name = "[CP] Embed Pods Frameworks";
			outputPaths = (
			);
			runOnlyForDeploymentPostprocessing = 0;
			shellPath = /bin/sh;
			shellScript = "\"${SRCROOT}/Pods/Target Support Files/Pods-BackgroundSensingTests/Pods-BackgroundSensingTests-frameworks.sh\"\n";
			showEnvVarsInLog = 0;
		};
		7A86CB8DB66BCE6E6F56831E /* [CP] Copy Pods Resources */ = {
			isa = PBXShellScriptBuildPhase;
			buildActionMask = 2147483647;
			files = (
			);
			inputPaths = (
			);
			name = "[CP] Copy Pods Resources";
			outputPaths = (
			);
			runOnlyForDeploymentPostprocessing = 0;
			shellPath = /bin/sh;
			shellScript = "\"${SRCROOT}/Pods/Target Support Files/Pods-BackgroundSensing/Pods-BackgroundSensing-resources.sh\"\n";
			showEnvVarsInLog = 0;
		};
		B56B02D91621DE6D90EB95E1 /* [CP] Embed Pods Frameworks */ = {
			isa = PBXShellScriptBuildPhase;
			buildActionMask = 2147483647;
			files = (
			);
			inputPaths = (
			);
			name = "[CP] Embed Pods Frameworks";
			outputPaths = (
			);
			runOnlyForDeploymentPostprocessing = 0;
			shellPath = /bin/sh;
			shellScript = "\"${SRCROOT}/Pods/Target Support Files/Pods-BackgroundSensingUITests/Pods-BackgroundSensingUITests-frameworks.sh\"\n";
			showEnvVarsInLog = 0;
		};
		C82D9AEC16DA2A943673FABB /* [CP] Embed Pods Frameworks */ = {
			isa = PBXShellScriptBuildPhase;
			buildActionMask = 2147483647;
			files = (
			);
			inputPaths = (
			);
			name = "[CP] Embed Pods Frameworks";
			outputPaths = (
			);
			runOnlyForDeploymentPostprocessing = 0;
			shellPath = /bin/sh;
			shellScript = "\"${SRCROOT}/Pods/Target Support Files/Pods-BackgroundSensing/Pods-BackgroundSensing-frameworks.sh\"\n";
			showEnvVarsInLog = 0;
		};
		D36AD74C0D7346184DD755CC /* [CP] Check Pods Manifest.lock */ = {
			isa = PBXShellScriptBuildPhase;
			buildActionMask = 2147483647;
			files = (
			);
			inputPaths = (
			);
			name = "[CP] Check Pods Manifest.lock";
			outputPaths = (
			);
			runOnlyForDeploymentPostprocessing = 0;
			shellPath = /bin/sh;
			shellScript = "diff \"${PODS_ROOT}/../Podfile.lock\" \"${PODS_ROOT}/Manifest.lock\" > /dev/null\nif [ $? != 0 ] ; then\n    # print error to STDERR\n    echo \"error: The sandbox is not in sync with the Podfile.lock. Run 'pod install' or update your CocoaPods installation.\" >&2\n    exit 1\nfi\n";
			showEnvVarsInLog = 0;
		};
		EB0779C8C217A27ABF3D506F /* [CP] Copy Pods Resources */ = {
			isa = PBXShellScriptBuildPhase;
			buildActionMask = 2147483647;
			files = (
			);
			inputPaths = (
			);
			name = "[CP] Copy Pods Resources";
			outputPaths = (
			);
			runOnlyForDeploymentPostprocessing = 0;
			shellPath = /bin/sh;
			shellScript = "\"${SRCROOT}/Pods/Target Support Files/Pods-BackgroundSensingTests/Pods-BackgroundSensingTests-resources.sh\"\n";
			showEnvVarsInLog = 0;
		};
/* End PBXShellScriptBuildPhase section */

/* Begin PBXSourcesBuildPhase section */
		5A0AD6581EA6A71B0053945B /* Sources */ = {
			isa = PBXSourcesBuildPhase;
			buildActionMask = 2147483647;
			files = (
				5A10002B1EB4B71800C088C5 /* JSONRepresentable.swift in Sources */,
				5A0AD6621EA6A71B0053945B /* ViewController.swift in Sources */,
				5A10002F1EB4B7BA00C088C5 /* JSONSerializable.swift in Sources */,
				5A6F19CC1EBA37080050A411 /* Queue.swift in Sources */,
				5A10002D1EB4B77A00C088C5 /* JSONSerializable+JSONRepresentation.swift in Sources */,
				5A92A6CA1EBB6A780000A10F /* GyroController.swift in Sources */,
				5A9C984C1EA7BB7B00D93758 /* BackgroundTask.swift in Sources */,
				5A6F19CE1EBA37170050A411 /* JSONSerializableCollection.swift in Sources */,
				5A7F80E51ECDFB6500F0BB10 /* GridViewController.swift in Sources */,
				5A92A6CC1EBB73330000A10F /* NetworkController.swift in Sources */,
				5A1000311EB4B7DC00C088C5 /* JSONSerializable+toJSON.swift in Sources */,
				5A0AD6601EA6A71B0053945B /* AppDelegate.swift in Sources */,
				5A5729DE1ED4BDA40003CF4D /* TouchEvent.swift in Sources */,
				5A1000241EB4A1B600C088C5 /* GyroData.swift in Sources */,
			);
			runOnlyForDeploymentPostprocessing = 0;
		};
		5A0AD66C1EA6A71C0053945B /* Sources */ = {
			isa = PBXSourcesBuildPhase;
			buildActionMask = 2147483647;
			files = (
				5A0AD6751EA6A71C0053945B /* BackgroundSensingTests.swift in Sources */,
			);
			runOnlyForDeploymentPostprocessing = 0;
		};
		5A0AD6771EA6A71C0053945B /* Sources */ = {
			isa = PBXSourcesBuildPhase;
			buildActionMask = 2147483647;
			files = (
				5A0AD6801EA6A71C0053945B /* BackgroundSensingUITests.swift in Sources */,
			);
			runOnlyForDeploymentPostprocessing = 0;
		};
/* End PBXSourcesBuildPhase section */

/* Begin PBXTargetDependency section */
		5A0AD6721EA6A71C0053945B /* PBXTargetDependency */ = {
			isa = PBXTargetDependency;
			target = 5A0AD65B1EA6A71B0053945B /* BackgroundSensing */;
			targetProxy = 5A0AD6711EA6A71C0053945B /* PBXContainerItemProxy */;
		};
		5A0AD67D1EA6A71C0053945B /* PBXTargetDependency */ = {
			isa = PBXTargetDependency;
			target = 5A0AD65B1EA6A71B0053945B /* BackgroundSensing */;
			targetProxy = 5A0AD67C1EA6A71C0053945B /* PBXContainerItemProxy */;
		};
/* End PBXTargetDependency section */

/* Begin PBXVariantGroup section */
		5A0AD6631EA6A71B0053945B /* Main.storyboard */ = {
			isa = PBXVariantGroup;
			children = (
				5A0AD6641EA6A71B0053945B /* Base */,
			);
			name = Main.storyboard;
			sourceTree = "<group>";
		};
		5A0AD6681EA6A71B0053945B /* LaunchScreen.storyboard */ = {
			isa = PBXVariantGroup;
			children = (
				5A0AD6691EA6A71B0053945B /* Base */,
			);
			name = LaunchScreen.storyboard;
			sourceTree = "<group>";
		};
/* End PBXVariantGroup section */

/* Begin XCBuildConfiguration section */
		5A0AD6821EA6A71C0053945B /* Debug */ = {
			isa = XCBuildConfiguration;
			buildSettings = {
				ALWAYS_SEARCH_USER_PATHS = NO;
				CLANG_ANALYZER_NONNULL = YES;
				CLANG_CXX_LANGUAGE_STANDARD = "gnu++0x";
				CLANG_CXX_LIBRARY = "libc++";
				CLANG_ENABLE_MODULES = YES;
				CLANG_ENABLE_OBJC_ARC = YES;
				CLANG_WARN_BOOL_CONVERSION = YES;
				CLANG_WARN_CONSTANT_CONVERSION = YES;
				CLANG_WARN_DIRECT_OBJC_ISA_USAGE = YES_ERROR;
				CLANG_WARN_DOCUMENTATION_COMMENTS = YES;
				CLANG_WARN_EMPTY_BODY = YES;
				CLANG_WARN_ENUM_CONVERSION = YES;
				CLANG_WARN_INFINITE_RECURSION = YES;
				CLANG_WARN_INT_CONVERSION = YES;
				CLANG_WARN_OBJC_ROOT_CLASS = YES_ERROR;
				CLANG_WARN_SUSPICIOUS_MOVE = YES;
				CLANG_WARN_UNREACHABLE_CODE = YES;
				CLANG_WARN__DUPLICATE_METHOD_MATCH = YES;
				"CODE_SIGN_IDENTITY[sdk=iphoneos*]" = "iPhone Developer";
				COPY_PHASE_STRIP = NO;
				DEBUG_INFORMATION_FORMAT = dwarf;
				ENABLE_STRICT_OBJC_MSGSEND = YES;
				ENABLE_TESTABILITY = YES;
				GCC_C_LANGUAGE_STANDARD = gnu99;
				GCC_DYNAMIC_NO_PIC = NO;
				GCC_NO_COMMON_BLOCKS = YES;
				GCC_OPTIMIZATION_LEVEL = 0;
				GCC_PREPROCESSOR_DEFINITIONS = (
					"DEBUG=1",
					"$(inherited)",
				);
				GCC_WARN_64_TO_32_BIT_CONVERSION = YES;
				GCC_WARN_ABOUT_RETURN_TYPE = YES_ERROR;
				GCC_WARN_UNDECLARED_SELECTOR = YES;
				GCC_WARN_UNINITIALIZED_AUTOS = YES_AGGRESSIVE;
				GCC_WARN_UNUSED_FUNCTION = YES;
				GCC_WARN_UNUSED_VARIABLE = YES;
				IPHONEOS_DEPLOYMENT_TARGET = 10.2;
				MTL_ENABLE_DEBUG_INFO = YES;
				ONLY_ACTIVE_ARCH = YES;
				SDKROOT = iphoneos;
				SWIFT_ACTIVE_COMPILATION_CONDITIONS = DEBUG;
				SWIFT_OPTIMIZATION_LEVEL = "-Onone";
				TARGETED_DEVICE_FAMILY = "1,2";
			};
			name = Debug;
		};
		5A0AD6831EA6A71C0053945B /* Release */ = {
			isa = XCBuildConfiguration;
			buildSettings = {
				ALWAYS_SEARCH_USER_PATHS = NO;
				CLANG_ANALYZER_NONNULL = YES;
				CLANG_CXX_LANGUAGE_STANDARD = "gnu++0x";
				CLANG_CXX_LIBRARY = "libc++";
				CLANG_ENABLE_MODULES = YES;
				CLANG_ENABLE_OBJC_ARC = YES;
				CLANG_WARN_BOOL_CONVERSION = YES;
				CLANG_WARN_CONSTANT_CONVERSION = YES;
				CLANG_WARN_DIRECT_OBJC_ISA_USAGE = YES_ERROR;
				CLANG_WARN_DOCUMENTATION_COMMENTS = YES;
				CLANG_WARN_EMPTY_BODY = YES;
				CLANG_WARN_ENUM_CONVERSION = YES;
				CLANG_WARN_INFINITE_RECURSION = YES;
				CLANG_WARN_INT_CONVERSION = YES;
				CLANG_WARN_OBJC_ROOT_CLASS = YES_ERROR;
				CLANG_WARN_SUSPICIOUS_MOVE = YES;
				CLANG_WARN_UNREACHABLE_CODE = YES;
				CLANG_WARN__DUPLICATE_METHOD_MATCH = YES;
				"CODE_SIGN_IDENTITY[sdk=iphoneos*]" = "iPhone Developer";
				COPY_PHASE_STRIP = NO;
				DEBUG_INFORMATION_FORMAT = "dwarf-with-dsym";
				ENABLE_NS_ASSERTIONS = NO;
				ENABLE_STRICT_OBJC_MSGSEND = YES;
				GCC_C_LANGUAGE_STANDARD = gnu99;
				GCC_NO_COMMON_BLOCKS = YES;
				GCC_WARN_64_TO_32_BIT_CONVERSION = YES;
				GCC_WARN_ABOUT_RETURN_TYPE = YES_ERROR;
				GCC_WARN_UNDECLARED_SELECTOR = YES;
				GCC_WARN_UNINITIALIZED_AUTOS = YES_AGGRESSIVE;
				GCC_WARN_UNUSED_FUNCTION = YES;
				GCC_WARN_UNUSED_VARIABLE = YES;
				IPHONEOS_DEPLOYMENT_TARGET = 10.2;
				MTL_ENABLE_DEBUG_INFO = NO;
				SDKROOT = iphoneos;
				SWIFT_OPTIMIZATION_LEVEL = "-Owholemodule";
				TARGETED_DEVICE_FAMILY = "1,2";
				VALIDATE_PRODUCT = YES;
			};
			name = Release;
		};
		5A0AD6851EA6A71C0053945B /* Debug */ = {
			isa = XCBuildConfiguration;
			baseConfigurationReference = AA30146218964FBDEEC97568 /* Pods-BackgroundSensing.debug.xcconfig */;
			buildSettings = {
				ASSETCATALOG_COMPILER_APPICON_NAME = AppIcon;
				DEVELOPMENT_TEAM = TCNFFABBAW;
				INFOPLIST_FILE = BackgroundSensing/Info.plist;
				LD_RUNPATH_SEARCH_PATHS = "$(inherited) @executable_path/Frameworks";
				PRODUCT_BUNDLE_IDENTIFIER = QULabs.BackgroundSensing;
				PRODUCT_NAME = "$(TARGET_NAME)";
				SWIFT_VERSION = 3.0;
			};
			name = Debug;
		};
		5A0AD6861EA6A71C0053945B /* Release */ = {
			isa = XCBuildConfiguration;
			baseConfigurationReference = 82D70180FB8F3EA823A0EF69 /* Pods-BackgroundSensing.release.xcconfig */;
			buildSettings = {
				ASSETCATALOG_COMPILER_APPICON_NAME = AppIcon;
				DEVELOPMENT_TEAM = TCNFFABBAW;
				INFOPLIST_FILE = BackgroundSensing/Info.plist;
				LD_RUNPATH_SEARCH_PATHS = "$(inherited) @executable_path/Frameworks";
				PRODUCT_BUNDLE_IDENTIFIER = QULabs.BackgroundSensing;
				PRODUCT_NAME = "$(TARGET_NAME)";
				SWIFT_VERSION = 3.0;
			};
			name = Release;
		};
		5A0AD6881EA6A71C0053945B /* Debug */ = {
			isa = XCBuildConfiguration;
			baseConfigurationReference = 8B1BAE6DA3F1DC27ADA7E733 /* Pods-BackgroundSensingTests.debug.xcconfig */;
			buildSettings = {
				ALWAYS_EMBED_SWIFT_STANDARD_LIBRARIES = YES;
				BUNDLE_LOADER = "$(TEST_HOST)";
				INFOPLIST_FILE = BackgroundSensingTests/Info.plist;
				LD_RUNPATH_SEARCH_PATHS = "$(inherited) @executable_path/Frameworks @loader_path/Frameworks";
				PRODUCT_BUNDLE_IDENTIFIER = QULabs.BackgroundSensingTests;
				PRODUCT_NAME = "$(TARGET_NAME)";
				SWIFT_VERSION = 3.0;
				TEST_HOST = "$(BUILT_PRODUCTS_DIR)/BackgroundSensing.app/BackgroundSensing";
			};
			name = Debug;
		};
		5A0AD6891EA6A71C0053945B /* Release */ = {
			isa = XCBuildConfiguration;
			baseConfigurationReference = 496ED773794685E4297A0D5C /* Pods-BackgroundSensingTests.release.xcconfig */;
			buildSettings = {
				ALWAYS_EMBED_SWIFT_STANDARD_LIBRARIES = YES;
				BUNDLE_LOADER = "$(TEST_HOST)";
				INFOPLIST_FILE = BackgroundSensingTests/Info.plist;
				LD_RUNPATH_SEARCH_PATHS = "$(inherited) @executable_path/Frameworks @loader_path/Frameworks";
				PRODUCT_BUNDLE_IDENTIFIER = QULabs.BackgroundSensingTests;
				PRODUCT_NAME = "$(TARGET_NAME)";
				SWIFT_VERSION = 3.0;
				TEST_HOST = "$(BUILT_PRODUCTS_DIR)/BackgroundSensing.app/BackgroundSensing";
			};
			name = Release;
		};
		5A0AD68B1EA6A71C0053945B /* Debug */ = {
			isa = XCBuildConfiguration;
			baseConfigurationReference = C873E47DA5D2238C23455127 /* Pods-BackgroundSensingUITests.debug.xcconfig */;
			buildSettings = {
				ALWAYS_EMBED_SWIFT_STANDARD_LIBRARIES = YES;
				INFOPLIST_FILE = BackgroundSensingUITests/Info.plist;
				LD_RUNPATH_SEARCH_PATHS = "$(inherited) @executable_path/Frameworks @loader_path/Frameworks";
				PRODUCT_BUNDLE_IDENTIFIER = QULabs.BackgroundSensingUITests;
				PRODUCT_NAME = "$(TARGET_NAME)";
				SWIFT_VERSION = 3.0;
				TEST_TARGET_NAME = BackgroundSensing;
			};
			name = Debug;
		};
		5A0AD68C1EA6A71C0053945B /* Release */ = {
			isa = XCBuildConfiguration;
			baseConfigurationReference = A0F002C59E9F6ED8BB0D1959 /* Pods-BackgroundSensingUITests.release.xcconfig */;
			buildSettings = {
				ALWAYS_EMBED_SWIFT_STANDARD_LIBRARIES = YES;
				INFOPLIST_FILE = BackgroundSensingUITests/Info.plist;
				LD_RUNPATH_SEARCH_PATHS = "$(inherited) @executable_path/Frameworks @loader_path/Frameworks";
				PRODUCT_BUNDLE_IDENTIFIER = QULabs.BackgroundSensingUITests;
				PRODUCT_NAME = "$(TARGET_NAME)";
				SWIFT_VERSION = 3.0;
				TEST_TARGET_NAME = BackgroundSensing;
			};
			name = Release;
		};
/* End XCBuildConfiguration section */

/* Begin XCConfigurationList section */
		5A0AD6571EA6A71B0053945B /* Build configuration list for PBXProject "BackgroundSensing" */ = {
			isa = XCConfigurationList;
			buildConfigurations = (
				5A0AD6821EA6A71C0053945B /* Debug */,
				5A0AD6831EA6A71C0053945B /* Release */,
			);
			defaultConfigurationIsVisible = 0;
			defaultConfigurationName = Release;
		};
		5A0AD6841EA6A71C0053945B /* Build configuration list for PBXNativeTarget "BackgroundSensing" */ = {
			isa = XCConfigurationList;
			buildConfigurations = (
				5A0AD6851EA6A71C0053945B /* Debug */,
				5A0AD6861EA6A71C0053945B /* Release */,
			);
			defaultConfigurationIsVisible = 0;
			defaultConfigurationName = Release;
		};
		5A0AD6871EA6A71C0053945B /* Build configuration list for PBXNativeTarget "BackgroundSensingTests" */ = {
			isa = XCConfigurationList;
			buildConfigurations = (
				5A0AD6881EA6A71C0053945B /* Debug */,
				5A0AD6891EA6A71C0053945B /* Release */,
			);
			defaultConfigurationIsVisible = 0;
			defaultConfigurationName = Release;
		};
		5A0AD68A1EA6A71C0053945B /* Build configuration list for PBXNativeTarget "BackgroundSensingUITests" */ = {
			isa = XCConfigurationList;
			buildConfigurations = (
				5A0AD68B1EA6A71C0053945B /* Debug */,
				5A0AD68C1EA6A71C0053945B /* Release */,
			);
			defaultConfigurationIsVisible = 0;
			defaultConfigurationName = Release;
		};
/* End XCConfigurationList section */
	};
	rootObject = 5A0AD6541EA6A71B0053945B /* Project object */;
}
